// !$*UTF8*$!
{
	archiveVersion = 1;
	classes = {
	};
	objectVersion = 56;
	objects = {

/* Begin PBXBuildFile section */
		0EAAE1982B04D01D004EB10F /* WetterApp.swift in Sources */ = {isa = PBXBuildFile; fileRef = 0EAAE1972B04D01D004EB10F /* WetterApp.swift */; };
		0EAAE19A2B04D01D004EB10F /* ContentView.swift in Sources */ = {isa = PBXBuildFile; fileRef = 0EAAE1992B04D01D004EB10F /* ContentView.swift */; };
		0EAAE19C2B04D01F004EB10F /* Assets.xcassets in Resources */ = {isa = PBXBuildFile; fileRef = 0EAAE19B2B04D01F004EB10F /* Assets.xcassets */; };
		0EAAE19F2B04D01F004EB10F /* Preview Assets.xcassets in Resources */ = {isa = PBXBuildFile; fileRef = 0EAAE19E2B04D01F004EB10F /* Preview Assets.xcassets */; };
		0EAAE1A12B04D01F004EB10F /* Persistence.swift in Sources */ = {isa = PBXBuildFile; fileRef = 0EAAE1A02B04D01F004EB10F /* Persistence.swift */; };
		0EAAE1A42B04D01F004EB10F /* Wetter.xcdatamodeld in Sources */ = {isa = PBXBuildFile; fileRef = 0EAAE1A22B04D01F004EB10F /* Wetter.xcdatamodeld */; };
		0EAAE1AB2B04D3E9004EB10F /* File in Resources */ = {isa = PBXBuildFile; fileRef = 0EAAE1AA2B04D3E8004EB10F /* File */; };
		0EAAE1B12B050775004EB10F /* MapKit.framework in Frameworks */ = {isa = PBXBuildFile; fileRef = 0EAAE1AF2B050770004EB10F /* MapKit.framework */; };
		0EAAE1B22B050775004EB10F /* MapKit.framework in Embed Frameworks */ = {isa = PBXBuildFile; fileRef = 0EAAE1AF2B050770004EB10F /* MapKit.framework */; settings = {ATTRIBUTES = (CodeSignOnCopy, RemoveHeadersOnCopy, ); }; };
/* End PBXBuildFile section */

/* Begin PBXCopyFilesBuildPhase section */
		0EAAE1B32B050775004EB10F /* Embed Frameworks */ = {
			isa = PBXCopyFilesBuildPhase;
			buildActionMask = 2147483647;
			dstPath = "";
			dstSubfolderSpec = 10;
			files = (
				0EAAE1B22B050775004EB10F /* MapKit.framework in Embed Frameworks */,
			);
			name = "Embed Frameworks";
			runOnlyForDeploymentPostprocessing = 0;
		};
/* End PBXCopyFilesBuildPhase section */

/* Begin PBXFileReference section */
		0EAAE1942B04D01D004EB10F /* Wetter.app */ = {isa = PBXFileReference; explicitFileType = wrapper.application; includeInIndex = 0; path = Wetter.app; sourceTree = BUILT_PRODUCTS_DIR; };
		0EAAE1972B04D01D004EB10F /* WetterApp.swift */ = {isa = PBXFileReference; lastKnownFileType = sourcecode.swift; path = WetterApp.swift; sourceTree = "<group>"; };
		0EAAE1992B04D01D004EB10F /* ContentView.swift */ = {isa = PBXFileReference; lastKnownFileType = sourcecode.swift; path = ContentView.swift; sourceTree = "<group>"; };
		0EAAE19B2B04D01F004EB10F /* Assets.xcassets */ = {isa = PBXFileReference; lastKnownFileType = folder.assetcatalog; path = Assets.xcassets; sourceTree = "<group>"; };
		0EAAE19E2B04D01F004EB10F /* Preview Assets.xcassets */ = {isa = PBXFileReference; lastKnownFileType = folder.assetcatalog; path = "Preview Assets.xcassets"; sourceTree = "<group>"; };
		0EAAE1A02B04D01F004EB10F /* Persistence.swift */ = {isa = PBXFileReference; lastKnownFileType = sourcecode.swift; path = Persistence.swift; sourceTree = "<group>"; };
		0EAAE1A32B04D01F004EB10F /* Wetter.xcdatamodel */ = {isa = PBXFileReference; lastKnownFileType = wrapper.xcdatamodel; path = Wetter.xcdatamodel; sourceTree = "<group>"; };
		0EAAE1AA2B04D3E8004EB10F /* File */ = {isa = PBXFileReference; lastKnownFileType = text; path = File; sourceTree = "<group>"; };
		0EAAE1AF2B050770004EB10F /* MapKit.framework */ = {isa = PBXFileReference; lastKnownFileType = wrapper.framework; name = MapKit.framework; path = System/Library/Frameworks/MapKit.framework; sourceTree = SDKROOT; };
/* End PBXFileReference section */

/* Begin PBXFrameworksBuildPhase section */
		0EAAE1912B04D01D004EB10F /* Frameworks */ = {
			isa = PBXFrameworksBuildPhase;
			buildActionMask = 2147483647;
			files = (
				0EAAE1B12B050775004EB10F /* MapKit.framework in Frameworks */,
			);
			runOnlyForDeploymentPostprocessing = 0;
		};
/* End PBXFrameworksBuildPhase section */

/* Begin PBXGroup section */
		0EAAE18B2B04D01D004EB10F = {
			isa = PBXGroup;
			children = (
				0EAAE1AA2B04D3E8004EB10F /* File */,
				0EAAE1962B04D01D004EB10F /* Wetter */,
				0EAAE1952B04D01D004EB10F /* Products */,
				0EAAE1AE2B050770004EB10F /* Frameworks */,
			);
			sourceTree = "<group>";
		};
		0EAAE1952B04D01D004EB10F /* Products */ = {
			isa = PBXGroup;
			children = (
				0EAAE1942B04D01D004EB10F /* Wetter.app */,
			);
			name = Products;
			sourceTree = "<group>";
		};
		0EAAE1962B04D01D004EB10F /* Wetter */ = {
			isa = PBXGroup;
			children = (
				0EAAE1972B04D01D004EB10F /* WetterApp.swift */,
				0EAAE1992B04D01D004EB10F /* ContentView.swift */,
				0EAAE19B2B04D01F004EB10F /* Assets.xcassets */,
				0EAAE1A02B04D01F004EB10F /* Persistence.swift */,
				0EAAE1A22B04D01F004EB10F /* Wetter.xcdatamodeld */,
				0EAAE19D2B04D01F004EB10F /* Preview Content */,
			);
			path = Wetter;
			sourceTree = "<group>";
		};
		0EAAE19D2B04D01F004EB10F /* Preview Content */ = {
			isa = PBXGroup;
			children = (
				0EAAE19E2B04D01F004EB10F /* Preview Assets.xcassets */,
			);
			path = "Preview Content";
			sourceTree = "<group>";
		};
		0EAAE1AE2B050770004EB10F /* Frameworks */ = {
			isa = PBXGroup;
			children = (
				0EAAE1AF2B050770004EB10F /* MapKit.framework */,
			);
			name = Frameworks;
			sourceTree = "<group>";
		};
/* End PBXGroup section */

/* Begin PBXNativeTarget section */
		0EAAE1932B04D01D004EB10F /* Wetter */ = {
			isa = PBXNativeTarget;
			buildConfigurationList = 0EAAE1A72B04D01F004EB10F /* Build configuration list for PBXNativeTarget "Wetter" */;
			buildPhases = (
				0EAAE1902B04D01D004EB10F /* Sources */,
				0EAAE1912B04D01D004EB10F /* Frameworks */,
				0EAAE1922B04D01D004EB10F /* Resources */,
				0EAAE1B32B050775004EB10F /* Embed Frameworks */,
			);
			buildRules = (
			);
			dependencies = (
			);
			name = Wetter;
			productName = Wetter;
			productReference = 0EAAE1942B04D01D004EB10F /* Wetter.app */;
			productType = "com.apple.product-type.application";
		};
/* End PBXNativeTarget section */

/* Begin PBXProject section */
		0EAAE18C2B04D01D004EB10F /* Project object */ = {
			isa = PBXProject;
			attributes = {
				BuildIndependentTargetsInParallel = 1;
				LastSwiftUpdateCheck = 1500;
				LastUpgradeCheck = 1500;
				TargetAttributes = {
					0EAAE1932B04D01D004EB10F = {
						CreatedOnToolsVersion = 15.0;
					};
				};
			};
			buildConfigurationList = 0EAAE18F2B04D01D004EB10F /* Build configuration list for PBXProject "Wetter" */;
			compatibilityVersion = "Xcode 14.0";
			developmentRegion = en;
			hasScannedForEncodings = 0;
			knownRegions = (
				en,
				Base,
			);
			mainGroup = 0EAAE18B2B04D01D004EB10F;
			productRefGroup = 0EAAE1952B04D01D004EB10F /* Products */;
			projectDirPath = "";
			projectRoot = "";
			targets = (
				0EAAE1932B04D01D004EB10F /* Wetter */,
			);
		};
/* End PBXProject section */

/* Begin PBXResourcesBuildPhase section */
		0EAAE1922B04D01D004EB10F /* Resources */ = {
			isa = PBXResourcesBuildPhase;
			buildActionMask = 2147483647;
			files = (
				0EAAE19F2B04D01F004EB10F /* Preview Assets.xcassets in Resources */,
				0EAAE19C2B04D01F004EB10F /* Assets.xcassets in Resources */,
				0EAAE1AB2B04D3E9004EB10F /* File in Resources */,
			);
			runOnlyForDeploymentPostprocessing = 0;
		};
/* End PBXResourcesBuildPhase section */

/* Begin PBXSourcesBuildPhase section */
		0EAAE1902B04D01D004EB10F /* Sources */ = {
			isa = PBXSourcesBuildPhase;
			buildActionMask = 2147483647;
			files = (
				0EAAE1A12B04D01F004EB10F /* Persistence.swift in Sources */,
				0EAAE19A2B04D01D004EB10F /* ContentView.swift in Sources */,
				0EAAE1A42B04D01F004EB10F /* Wetter.xcdatamodeld in Sources */,
				0EAAE1982B04D01D004EB10F /* WetterApp.swift in Sources */,
			);
			runOnlyForDeploymentPostprocessing = 0;
		};
/* End PBXSourcesBuildPhase section */

/* Begin XCBuildConfiguration section */
		0EAAE1A52B04D01F004EB10F /* Debug */ = {
			isa = XCBuildConfiguration;
			buildSettings = {
				ALWAYS_SEARCH_USER_PATHS = NO;
				ASSETCATALOG_COMPILER_GENERATE_SWIFT_ASSET_SYMBOL_EXTENSIONS = YES;
				CLANG_ANALYZER_NONNULL = YES;
				CLANG_ANALYZER_NUMBER_OBJECT_CONVERSION = YES_AGGRESSIVE;
				CLANG_CXX_LANGUAGE_STANDARD = "gnu++20";
				CLANG_ENABLE_MODULES = YES;
				CLANG_ENABLE_OBJC_ARC = YES;
				CLANG_ENABLE_OBJC_WEAK = YES;
				CLANG_WARN_BLOCK_CAPTURE_AUTORELEASING = YES;
				CLANG_WARN_BOOL_CONVERSION = YES;
				CLANG_WARN_COMMA = YES;
				CLANG_WARN_CONSTANT_CONVERSION = YES;
				CLANG_WARN_DEPRECATED_OBJC_IMPLEMENTATIONS = YES;
				CLANG_WARN_DIRECT_OBJC_ISA_USAGE = YES_ERROR;
				CLANG_WARN_DOCUMENTATION_COMMENTS = YES;
				CLANG_WARN_EMPTY_BODY = YES;
				CLANG_WARN_ENUM_CONVERSION = YES;
				CLANG_WARN_INFINITE_RECURSION = YES;
				CLANG_WARN_INT_CONVERSION = YES;
				CLANG_WARN_NON_LITERAL_NULL_CONVERSION = YES;
				CLANG_WARN_OBJC_IMPLICIT_RETAIN_SELF = YES;
				CLANG_WARN_OBJC_LITERAL_CONVERSION = YES;
				CLANG_WARN_OBJC_ROOT_CLASS = YES_ERROR;
				CLANG_WARN_QUOTED_INCLUDE_IN_FRAMEWORK_HEADER = YES;
				CLANG_WARN_RANGE_LOOP_ANALYSIS = YES;
				CLANG_WARN_STRICT_PROTOTYPES = YES;
				CLANG_WARN_SUSPICIOUS_MOVE = YES;
				CLANG_WARN_UNGUARDED_AVAILABILITY = YES_AGGRESSIVE;
				CLANG_WARN_UNREACHABLE_CODE = YES;
				CLANG_WARN__DUPLICATE_METHOD_MATCH = YES;
				COPY_PHASE_STRIP = NO;
				DEBUG_INFORMATION_FORMAT = dwarf;
				ENABLE_STRICT_OBJC_MSGSEND = YES;
				ENABLE_TESTABILITY = YES;
				ENABLE_USER_SCRIPT_SANDBOXING = YES;
				GCC_C_LANGUAGE_STANDARD = gnu17;
				GCC_DYNAMIC_NO_PIC = NO;
				GCC_NO_COMMON_BLOCKS = YES;
				GCC_OPTIMIZATION_LEVEL = 0;
				GCC_PREPROCESSOR_DEFINITIONS = (
					"DEBUG=1",
					"$(inherited)",
				);
				GCC_WARN_64_TO_32_BIT_CONVERSION = YES;
				GCC_WARN_ABOUT_RETURN_TYPE = YES_ERROR;
				GCC_WARN_UNDECLARED_SELECTOR = YES;
				GCC_WARN_UNINITIALIZED_AUTOS = YES_AGGRESSIVE;
				GCC_WARN_UNUSED_FUNCTION = YES;
				GCC_WARN_UNUSED_VARIABLE = YES;
				IPHONEOS_DEPLOYMENT_TARGET = 17.0;
				LOCALIZATION_PREFERS_STRING_CATALOGS = YES;
				MTL_ENABLE_DEBUG_INFO = INCLUDE_SOURCE;
				MTL_FAST_MATH = YES;
				ONLY_ACTIVE_ARCH = YES;
				SDKROOT = iphoneos;
				SWIFT_ACTIVE_COMPILATION_CONDITIONS = "DEBUG $(inherited)";
				SWIFT_OPTIMIZATION_LEVEL = "-Onone";
			};
			name = Debug;
		};
		0EAAE1A62B04D01F004EB10F /* Release */ = {
			isa = XCBuildConfiguration;
			buildSettings = {
				ALWAYS_SEARCH_USER_PATHS = NO;
				ASSETCATALOG_COMPILER_GENERATE_SWIFT_ASSET_SYMBOL_EXTENSIONS = YES;
				CLANG_ANALYZER_NONNULL = YES;
				CLANG_ANALYZER_NUMBER_OBJECT_CONVERSION = YES_AGGRESSIVE;
				CLANG_CXX_LANGUAGE_STANDARD = "gnu++20";
				CLANG_ENABLE_MODULES = YES;
				CLANG_ENABLE_OBJC_ARC = YES;
				CLANG_ENABLE_OBJC_WEAK = YES;
				CLANG_WARN_BLOCK_CAPTURE_AUTORELEASING = YES;
				CLANG_WARN_BOOL_CONVERSION = YES;
				CLANG_WARN_COMMA = YES;
				CLANG_WARN_CONSTANT_CONVERSION = YES;
				CLANG_WARN_DEPRECATED_OBJC_IMPLEMENTATIONS = YES;
				CLANG_WARN_DIRECT_OBJC_ISA_USAGE = YES_ERROR;
				CLANG_WARN_DOCUMENTATION_COMMENTS = YES;
				CLANG_WARN_EMPTY_BODY = YES;
				CLANG_WARN_ENUM_CONVERSION = YES;
				CLANG_WARN_INFINITE_RECURSION = YES;
				CLANG_WARN_INT_CONVERSION = YES;
				CLANG_WARN_NON_LITERAL_NULL_CONVERSION = YES;
				CLANG_WARN_OBJC_IMPLICIT_RETAIN_SELF = YES;
				CLANG_WARN_OBJC_LITERAL_CONVERSION = YES;
				CLANG_WARN_OBJC_ROOT_CLASS = YES_ERROR;
				CLANG_WARN_QUOTED_INCLUDE_IN_FRAMEWORK_HEADER = YES;
				CLANG_WARN_RANGE_LOOP_ANALYSIS = YES;
				CLANG_WARN_STRICT_PROTOTYPES = YES;
				CLANG_WARN_SUSPICIOUS_MOVE = YES;
				CLANG_WARN_UNGUARDED_AVAILABILITY = YES_AGGRESSIVE;
				CLANG_WARN_UNREACHABLE_CODE = YES;
				CLANG_WARN__DUPLICATE_METHOD_MATCH = YES;
				COPY_PHASE_STRIP = NO;
				DEBUG_INFORMATION_FORMAT = "dwarf-with-dsym";
				ENABLE_NS_ASSERTIONS = NO;
				ENABLE_STRICT_OBJC_MSGSEND = YES;
				ENABLE_USER_SCRIPT_SANDBOXING = YES;
				GCC_C_LANGUAGE_STANDARD = gnu17;
				GCC_NO_COMMON_BLOCKS = YES;
				GCC_WARN_64_TO_32_BIT_CONVERSION = YES;
				GCC_WARN_ABOUT_RETURN_TYPE = YES_ERROR;
				GCC_WARN_UNDECLARED_SELECTOR = YES;
				GCC_WARN_UNINITIALIZED_AUTOS = YES_AGGRESSIVE;
				GCC_WARN_UNUSED_FUNCTION = YES;
				GCC_WARN_UNUSED_VARIABLE = YES;
				IPHONEOS_DEPLOYMENT_TARGET = 17.0;
				LOCALIZATION_PREFERS_STRING_CATALOGS = YES;
				MTL_ENABLE_DEBUG_INFO = NO;
				MTL_FAST_MATH = YES;
				SDKROOT = iphoneos;
				SWIFT_COMPILATION_MODE = wholemodule;
				VALIDATE_PRODUCT = YES;
			};
			name = Release;
		};
		0EAAE1A82B04D01F004EB10F /* Debug */ = {
			isa = XCBuildConfiguration;
			buildSettings = {
				ASSETCATALOG_COMPILER_APPICON_NAME = AppIcon;
				ASSETCATALOG_COMPILER_GLOBAL_ACCENT_COLOR_NAME = AccentColor;
				CODE_SIGN_STYLE = Automatic;
				CURRENT_PROJECT_VERSION = 1;
				DEVELOPMENT_ASSET_PATHS = "\"Wetter/Preview Content\"";
				DEVELOPMENT_TEAM = 454E98YD6M;
				ENABLE_PREVIEWS = YES;
				GENERATE_INFOPLIST_FILE = YES;
				INFOPLIST_KEY_UIApplicationSceneManifest_Generation = YES;
				INFOPLIST_KEY_UIApplicationSupportsIndirectInputEvents = YES;
				INFOPLIST_KEY_UILaunchScreen_Generation = YES;
				INFOPLIST_KEY_UISupportedInterfaceOrientations_iPad = "UIInterfaceOrientationPortrait UIInterfaceOrientationPortraitUpsideDown UIInterfaceOrientationLandscapeLeft UIInterfaceOrientationLandscapeRight";
				INFOPLIST_KEY_UISupportedInterfaceOrientations_iPhone = "UIInterfaceOrientationPortrait UIInterfaceOrientationLandscapeLeft UIInterfaceOrientationLandscapeRight";
				LD_RUNPATH_SEARCH_PATHS = (
					"$(inherited)",
					"@executable_path/Frameworks",
				);
				MARKETING_VERSION = 1.0;
				PRODUCT_BUNDLE_IDENTIFIER = com.svenkreussler.Wetter;
				PRODUCT_NAME = "$(TARGET_NAME)";
				SWIFT_EMIT_LOC_STRINGS = YES;
				SWIFT_VERSION = 5.0;
				TARGETED_DEVICE_FAMILY = "1,2";
			};
			name = Debug;
		};
		0EAAE1A92B04D01F004EB10F /* Release */ = {
			isa = XCBuildConfiguration;
			buildSettings = {
				ASSETCATALOG_COMPILER_APPICON_NAME = AppIcon;
				ASSETCATALOG_COMPILER_GLOBAL_ACCENT_COLOR_NAME = AccentColor;
				CODE_SIGN_STYLE = Automatic;
				CURRENT_PROJECT_VERSION = 1;
				DEVELOPMENT_ASSET_PATHS = "\"Wetter/Preview Content\"";
				DEVELOPMENT_TEAM = 454E98YD6M;
				ENABLE_PREVIEWS = YES;
				GENERATE_INFOPLIST_FILE = YES;
				INFOPLIST_KEY_UIApplicationSceneManifest_Generation = YES;
				INFOPLIST_KEY_UIApplicationSupportsIndirectInputEvents = YES;
				INFOPLIST_KEY_UILaunchScreen_Generation = YES;
				INFOPLIST_KEY_UISupportedInterfaceOrientations_iPad = "UIInterfaceOrientationPortrait UIInterfaceOrientationPortraitUpsideDown UIInterfaceOrientationLandscapeLeft UIInterfaceOrientationLandscapeRight";
				INFOPLIST_KEY_UISupportedInterfaceOrientations_iPhone = "UIInterfaceOrientationPortrait UIInterfaceOrientationLandscapeLeft UIInterfaceOrientationLandscapeRight";
				LD_RUNPATH_SEARCH_PATHS = (
					"$(inherited)",
					"@executable_path/Frameworks",
				);
				MARKETING_VERSION = 1.0;
				PRODUCT_BUNDLE_IDENTIFIER = com.svenkreussler.Wetter;
				PRODUCT_NAME = "$(TARGET_NAME)";
				SWIFT_EMIT_LOC_STRINGS = YES;
				SWIFT_VERSION = 5.0;
				TARGETED_DEVICE_FAMILY = "1,2";
			};
			name = Release;
		};
/* End XCBuildConfiguration section */

/* Begin XCConfigurationList section */
		0EAAE18F2B04D01D004EB10F /* Build configuration list for PBXProject "Wetter" */ = {
			isa = XCConfigurationList;
			buildConfigurations = (
				0EAAE1A52B04D01F004EB10F /* Debug */,
				0EAAE1A62B04D01F004EB10F /* Release */,
			);
			defaultConfigurationIsVisible = 0;
			defaultConfigurationName = Release;
		};
		0EAAE1A72B04D01F004EB10F /* Build configuration list for PBXNativeTarget "Wetter" */ = {
			isa = XCConfigurationList;
			buildConfigurations = (
				0EAAE1A82B04D01F004EB10F /* Debug */,
				0EAAE1A92B04D01F004EB10F /* Release */,
			);
			defaultConfigurationIsVisible = 0;
			defaultConfigurationName = Release;
		};
/* End XCConfigurationList section */

/* Begin XCVersionGroup section */
		0EAAE1A22B04D01F004EB10F /* Wetter.xcdatamodeld */ = {
			isa = XCVersionGroup;
			children = (
				0EAAE1A32B04D01F004EB10F /* Wetter.xcdatamodel */,
			);
			currentVersion = 0EAAE1A32B04D01F004EB10F /* Wetter.xcdatamodel */;
			path = Wetter.xcdatamodeld;
			sourceTree = "<group>";
			versionGroupType = wrapper.xcdatamodel;
		};
/* End XCVersionGroup section */
	};
	rootObject = 0EAAE18C2B04D01D004EB10F /* Project object */;
}
