// !$*UTF8*$!
{
	archiveVersion = 1;
	classes = {
	};
	objectVersion = 56;
	objects = {

/* Begin PBXBuildFile section */
		0E0B2BA72B14CFCF00DDB408 /* WeatherFeaturesSelectFeatures.swift in Sources */ = {isa = PBXBuildFile; fileRef = 0E0B2BA62B14CFCF00DDB408 /* WeatherFeaturesSelectFeatures.swift */; };
		0E0B2BAB2B14D04700DDB408 /* WeatherFeatureItem.swift in Sources */ = {isa = PBXBuildFile; fileRef = 0E0B2BAA2B14D04700DDB408 /* WeatherFeatureItem.swift */; };
		0E0B2BAD2B14D49000DDB408 /* FeaturesSelectButton.swift in Sources */ = {isa = PBXBuildFile; fileRef = 0E0B2BAC2B14D49000DDB408 /* FeaturesSelectButton.swift */; };
		0E1CBC082B0F5DBB0099E7D2 /* CardViewStyling.swift in Sources */ = {isa = PBXBuildFile; fileRef = 0E1CBC072B0F5DBB0099E7D2 /* CardViewStyling.swift */; };
		0E351E8D2B303BC200B25629 /* PersistentStore.swift in Sources */ = {isa = PBXBuildFile; fileRef = 0E351E8C2B303BC200B25629 /* PersistentStore.swift */; };
		0E351E8F2B3052E300B25629 /* geocodeAdress.swift in Sources */ = {isa = PBXBuildFile; fileRef = 0E351E8E2B3052E300B25629 /* geocodeAdress.swift */; };
		0E351E912B30706A00B25629 /* LocationViewModel.swift in Sources */ = {isa = PBXBuildFile; fileRef = 0E351E902B30706A00B25629 /* LocationViewModel.swift */; };
		0E351E972B3073AC00B25629 /* Wetter.xcdatamodeld in Sources */ = {isa = PBXBuildFile; fileRef = 0E351E952B3073AC00B25629 /* Wetter.xcdatamodeld */; };
		0E351E9A2B319A1F00B25629 /* LocationSearchListViewModel.swift in Sources */ = {isa = PBXBuildFile; fileRef = 0E351E992B319A1F00B25629 /* LocationSearchListViewModel.swift */; };
		0E351E9F2B32F44500B25629 /* LocationEditView.swift in Sources */ = {isa = PBXBuildFile; fileRef = 0E351E9E2B32F44500B25629 /* LocationEditView.swift */; };
		0E351EA62B32FD0B00B25629 /* LocationDetailViewModel.swift in Sources */ = {isa = PBXBuildFile; fileRef = 0E351EA52B32FD0B00B25629 /* LocationDetailViewModel.swift */; };
		0E5D52B92B2B298C0065E9AD /* FormattedTime.swift in Sources */ = {isa = PBXBuildFile; fileRef = 0E5D52B82B2B298C0065E9AD /* FormattedTime.swift */; };
		0E65AEAC2B0E264200331457 /* WochenvohersageItem.swift in Sources */ = {isa = PBXBuildFile; fileRef = 0E65AEAB2B0E264200331457 /* WochenvohersageItem.swift */; };
		0E65AEAE2B0E299100331457 /* CardViewWochenVohersage.swift in Sources */ = {isa = PBXBuildFile; fileRef = 0E65AEAD2B0E299100331457 /* CardViewWochenVohersage.swift */; };
		0E65AEB12B0F551000331457 /* DefaultBackground.swift in Sources */ = {isa = PBXBuildFile; fileRef = 0E65AEB02B0F551000331457 /* DefaultBackground.swift */; };
		0E6967BE2B10AE3700FA1943 /* WeatherFeaturesViewSheet.swift in Sources */ = {isa = PBXBuildFile; fileRef = 0E6967BD2B10AE3700FA1943 /* WeatherFeaturesViewSheet.swift */; };
		0E6967C02B10E4A000FA1943 /* WeatherFeaturesChart.swift in Sources */ = {isa = PBXBuildFile; fileRef = 0E6967BF2B10E4A000FA1943 /* WeatherFeaturesChart.swift */; };
		0E7758E12B0B91610069AF61 /* File in Resources */ = {isa = PBXBuildFile; fileRef = 0E7758DF2B0B91610069AF61 /* File */; };
		0E7758E42B0B92110069AF61 /* TabsView.swift in Sources */ = {isa = PBXBuildFile; fileRef = 0E7758E32B0B92110069AF61 /* TabsView.swift */; };
		0E7758E62B0B92140069AF61 /* TabItem.swift in Sources */ = {isa = PBXBuildFile; fileRef = 0E7758E52B0B92140069AF61 /* TabItem.swift */; };
		0E7758F82B0CAA4D0069AF61 /* HomeView.swift in Sources */ = {isa = PBXBuildFile; fileRef = 0E7758F72B0CAA4D0069AF61 /* HomeView.swift */; };
		0E7758FA2B0CAAF10069AF61 /* MapView.swift in Sources */ = {isa = PBXBuildFile; fileRef = 0E7758F92B0CAAF10069AF61 /* MapView.swift */; };
		0E7758FC2B0CAB1E0069AF61 /* LocationSearchView.swift in Sources */ = {isa = PBXBuildFile; fileRef = 0E7758FB2B0CAB1E0069AF61 /* LocationSearchView.swift */; };
		0E7758FE2B0CAF260069AF61 /* LocationItemEnum.swift in Sources */ = {isa = PBXBuildFile; fileRef = 0E7758FD2B0CAF260069AF61 /* LocationItemEnum.swift */; };
		0E7759022B0CBAB00069AF61 /* TagesvohersageItem.swift in Sources */ = {isa = PBXBuildFile; fileRef = 0E7759012B0CBAB00069AF61 /* TagesvohersageItem.swift */; };
		0E7759042B0CD68A0069AF61 /* CardViewVohersage.swift in Sources */ = {isa = PBXBuildFile; fileRef = 0E7759032B0CD68A0069AF61 /* CardViewVohersage.swift */; };
		0E79A60B2B0F8ED700F5528F /* CustomColors.swift in Sources */ = {isa = PBXBuildFile; fileRef = 0E79A60A2B0F8ED700F5528F /* CustomColors.swift */; };
		0E79A60E2B0F954900F5528F /* WeatherFeaturesSelectDay.swift in Sources */ = {isa = PBXBuildFile; fileRef = 0E79A60D2B0F954900F5528F /* WeatherFeaturesSelectDay.swift */; };
		0EBA633D2B16212C0001F895 /* LocationSearch.swift in Sources */ = {isa = PBXBuildFile; fileRef = 0EBA633C2B16212C0001F895 /* LocationSearch.swift */; };
		0EBA63442B17713D0001F895 /* LocationSearchViewModel.swift in Sources */ = {isa = PBXBuildFile; fileRef = 0EBA63432B17713D0001F895 /* LocationSearchViewModel.swift */; };
		0EBA63472B1773640001F895 /* HTTPError.swift in Sources */ = {isa = PBXBuildFile; fileRef = 0EBA63462B1773640001F895 /* HTTPError.swift */; };
		0EBB08442B19DCFF00DB2D83 /* LocationFeatures.swift in Sources */ = {isa = PBXBuildFile; fileRef = 0EBB08432B19DCFF00DB2D83 /* LocationFeatures.swift */; };
		0EBB08482B19E0D300DB2D83 /* api.JSON in Resources */ = {isa = PBXBuildFile; fileRef = 0EBB08472B19E0D300DB2D83 /* api.JSON */; };
		0EBB084A2B1DD01C00DB2D83 /* LocationFeaturesViewModel.swift in Sources */ = {isa = PBXBuildFile; fileRef = 0EBB08492B1DD01B00DB2D83 /* LocationFeaturesViewModel.swift */; };
		0ECE8EEA2B18BB9800D38CE8 /* Colors.swift in Sources */ = {isa = PBXBuildFile; fileRef = 0ECE8EE92B18BB9800D38CE8 /* Colors.swift */; };
		0ED21BEE2B0B878F002EC3B0 /* WetterApp.swift in Sources */ = {isa = PBXBuildFile; fileRef = 0ED21BED2B0B878F002EC3B0 /* WetterApp.swift */; };
		0ED21BF22B0B8791002EC3B0 /* Assets.xcassets in Resources */ = {isa = PBXBuildFile; fileRef = 0ED21BF12B0B8791002EC3B0 /* Assets.xcassets */; };
		0ED21BF52B0B8791002EC3B0 /* Preview Assets.xcassets in Resources */ = {isa = PBXBuildFile; fileRef = 0ED21BF42B0B8791002EC3B0 /* Preview Assets.xcassets */; };
		0EE280D62B1F246B0093C6D9 /* WeatherRepository.swift in Sources */ = {isa = PBXBuildFile; fileRef = 0EE280D52B1F246B0093C6D9 /* WeatherRepository.swift */; };
		0EE280D82B1F2DEA0093C6D9 /* LocationList.swift in Sources */ = {isa = PBXBuildFile; fileRef = 0EE280D72B1F2DEA0093C6D9 /* LocationList.swift */; };
		0EE280DA2B1F583E0093C6D9 /* LocationItem.swift in Sources */ = {isa = PBXBuildFile; fileRef = 0EE280D92B1F583E0093C6D9 /* LocationItem.swift */; };
		0EE280DD2B20B26A0093C6D9 /* ReverseLocation.swift in Sources */ = {isa = PBXBuildFile; fileRef = 0EE280DC2B20B26A0093C6D9 /* ReverseLocation.swift */; };
/* End PBXBuildFile section */

/* Begin PBXFileReference section */
		0E0B2BA62B14CFCF00DDB408 /* WeatherFeaturesSelectFeatures.swift */ = {isa = PBXFileReference; lastKnownFileType = sourcecode.swift; path = WeatherFeaturesSelectFeatures.swift; sourceTree = "<group>"; };
		0E0B2BAA2B14D04700DDB408 /* WeatherFeatureItem.swift */ = {isa = PBXFileReference; lastKnownFileType = sourcecode.swift; path = WeatherFeatureItem.swift; sourceTree = "<group>"; };
		0E0B2BAC2B14D49000DDB408 /* FeaturesSelectButton.swift */ = {isa = PBXFileReference; lastKnownFileType = sourcecode.swift; path = FeaturesSelectButton.swift; sourceTree = "<group>"; };
		0E1CBC072B0F5DBB0099E7D2 /* CardViewStyling.swift */ = {isa = PBXFileReference; lastKnownFileType = sourcecode.swift; path = CardViewStyling.swift; sourceTree = "<group>"; };
		0E351E8C2B303BC200B25629 /* PersistentStore.swift */ = {isa = PBXFileReference; lastKnownFileType = sourcecode.swift; path = PersistentStore.swift; sourceTree = "<group>"; };
		0E351E8E2B3052E300B25629 /* geocodeAdress.swift */ = {isa = PBXFileReference; lastKnownFileType = sourcecode.swift; path = geocodeAdress.swift; sourceTree = "<group>"; };
		0E351E902B30706A00B25629 /* LocationViewModel.swift */ = {isa = PBXFileReference; lastKnownFileType = sourcecode.swift; path = LocationViewModel.swift; sourceTree = "<group>"; };
		0E351E962B3073AC00B25629 /* Wetter.xcdatamodel */ = {isa = PBXFileReference; lastKnownFileType = wrapper.xcdatamodel; path = Wetter.xcdatamodel; sourceTree = "<group>"; };
		0E351E992B319A1F00B25629 /* LocationSearchListViewModel.swift */ = {isa = PBXFileReference; lastKnownFileType = sourcecode.swift; path = LocationSearchListViewModel.swift; sourceTree = "<group>"; };
		0E351E9E2B32F44500B25629 /* LocationEditView.swift */ = {isa = PBXFileReference; lastKnownFileType = sourcecode.swift; path = LocationEditView.swift; sourceTree = "<group>"; };
		0E351EA52B32FD0B00B25629 /* LocationDetailViewModel.swift */ = {isa = PBXFileReference; lastKnownFileType = sourcecode.swift; path = LocationDetailViewModel.swift; sourceTree = "<group>"; };
		0E5D52B82B2B298C0065E9AD /* FormattedTime.swift */ = {isa = PBXFileReference; lastKnownFileType = sourcecode.swift; path = FormattedTime.swift; sourceTree = "<group>"; };
		0E65AEAB2B0E264200331457 /* WochenvohersageItem.swift */ = {isa = PBXFileReference; lastKnownFileType = sourcecode.swift; path = WochenvohersageItem.swift; sourceTree = "<group>"; };
		0E65AEAD2B0E299100331457 /* CardViewWochenVohersage.swift */ = {isa = PBXFileReference; lastKnownFileType = sourcecode.swift; path = CardViewWochenVohersage.swift; sourceTree = "<group>"; };
		0E65AEB02B0F551000331457 /* DefaultBackground.swift */ = {isa = PBXFileReference; lastKnownFileType = sourcecode.swift; path = DefaultBackground.swift; sourceTree = "<group>"; };
		0E6967BD2B10AE3700FA1943 /* WeatherFeaturesViewSheet.swift */ = {isa = PBXFileReference; lastKnownFileType = sourcecode.swift; path = WeatherFeaturesViewSheet.swift; sourceTree = "<group>"; };
		0E6967BF2B10E4A000FA1943 /* WeatherFeaturesChart.swift */ = {isa = PBXFileReference; lastKnownFileType = sourcecode.swift; path = WeatherFeaturesChart.swift; sourceTree = "<group>"; };
		0E7758CA2B0B89EE0069AF61 /* MapKit.framework */ = {isa = PBXFileReference; lastKnownFileType = wrapper.framework; name = MapKit.framework; path = System/Library/Frameworks/MapKit.framework; sourceTree = SDKROOT; };
		0E7758DF2B0B91610069AF61 /* File */ = {isa = PBXFileReference; fileEncoding = 4; lastKnownFileType = text; path = File; sourceTree = "<group>"; };
		0E7758E32B0B92110069AF61 /* TabsView.swift */ = {isa = PBXFileReference; lastKnownFileType = sourcecode.swift; path = TabsView.swift; sourceTree = "<group>"; };
		0E7758E52B0B92140069AF61 /* TabItem.swift */ = {isa = PBXFileReference; lastKnownFileType = sourcecode.swift; path = TabItem.swift; sourceTree = "<group>"; };
		0E7758F72B0CAA4D0069AF61 /* HomeView.swift */ = {isa = PBXFileReference; lastKnownFileType = sourcecode.swift; path = HomeView.swift; sourceTree = "<group>"; };
		0E7758F92B0CAAF10069AF61 /* MapView.swift */ = {isa = PBXFileReference; lastKnownFileType = sourcecode.swift; path = MapView.swift; sourceTree = "<group>"; };
		0E7758FB2B0CAB1E0069AF61 /* LocationSearchView.swift */ = {isa = PBXFileReference; lastKnownFileType = sourcecode.swift; path = LocationSearchView.swift; sourceTree = "<group>"; };
		0E7758FD2B0CAF260069AF61 /* LocationItemEnum.swift */ = {isa = PBXFileReference; lastKnownFileType = sourcecode.swift; path = LocationItemEnum.swift; sourceTree = "<group>"; };
		0E7759012B0CBAB00069AF61 /* TagesvohersageItem.swift */ = {isa = PBXFileReference; lastKnownFileType = sourcecode.swift; path = TagesvohersageItem.swift; sourceTree = "<group>"; };
		0E7759032B0CD68A0069AF61 /* CardViewVohersage.swift */ = {isa = PBXFileReference; lastKnownFileType = sourcecode.swift; path = CardViewVohersage.swift; sourceTree = "<group>"; };
		0E79A60A2B0F8ED700F5528F /* CustomColors.swift */ = {isa = PBXFileReference; lastKnownFileType = sourcecode.swift; path = CustomColors.swift; sourceTree = "<group>"; };
		0E79A60D2B0F954900F5528F /* WeatherFeaturesSelectDay.swift */ = {isa = PBXFileReference; lastKnownFileType = sourcecode.swift; path = WeatherFeaturesSelectDay.swift; sourceTree = "<group>"; };
		0EBA633C2B16212C0001F895 /* LocationSearch.swift */ = {isa = PBXFileReference; lastKnownFileType = sourcecode.swift; path = LocationSearch.swift; sourceTree = "<group>"; };
		0EBA63432B17713D0001F895 /* LocationSearchViewModel.swift */ = {isa = PBXFileReference; lastKnownFileType = sourcecode.swift; path = LocationSearchViewModel.swift; sourceTree = "<group>"; };
		0EBA63462B1773640001F895 /* HTTPError.swift */ = {isa = PBXFileReference; lastKnownFileType = sourcecode.swift; path = HTTPError.swift; sourceTree = "<group>"; };
		0EBB08432B19DCFF00DB2D83 /* LocationFeatures.swift */ = {isa = PBXFileReference; lastKnownFileType = sourcecode.swift; path = LocationFeatures.swift; sourceTree = "<group>"; };
		0EBB08472B19E0D300DB2D83 /* api.JSON */ = {isa = PBXFileReference; fileEncoding = 4; lastKnownFileType = text.json; path = api.JSON; sourceTree = "<group>"; };
		0EBB08492B1DD01B00DB2D83 /* LocationFeaturesViewModel.swift */ = {isa = PBXFileReference; lastKnownFileType = sourcecode.swift; path = LocationFeaturesViewModel.swift; sourceTree = "<group>"; };
		0ECE8EE92B18BB9800D38CE8 /* Colors.swift */ = {isa = PBXFileReference; lastKnownFileType = sourcecode.swift; path = Colors.swift; sourceTree = "<group>"; };
		0ED21BEA2B0B878F002EC3B0 /* Wetter.app */ = {isa = PBXFileReference; explicitFileType = wrapper.application; includeInIndex = 0; path = Wetter.app; sourceTree = BUILT_PRODUCTS_DIR; };
		0ED21BED2B0B878F002EC3B0 /* WetterApp.swift */ = {isa = PBXFileReference; lastKnownFileType = sourcecode.swift; path = WetterApp.swift; sourceTree = "<group>"; };
		0ED21BF12B0B8791002EC3B0 /* Assets.xcassets */ = {isa = PBXFileReference; lastKnownFileType = folder.assetcatalog; path = Assets.xcassets; sourceTree = "<group>"; };
		0ED21BF42B0B8791002EC3B0 /* Preview Assets.xcassets */ = {isa = PBXFileReference; lastKnownFileType = folder.assetcatalog; path = "Preview Assets.xcassets"; sourceTree = "<group>"; };
		0EE280D52B1F246B0093C6D9 /* WeatherRepository.swift */ = {isa = PBXFileReference; lastKnownFileType = sourcecode.swift; path = WeatherRepository.swift; sourceTree = "<group>"; };
		0EE280D72B1F2DEA0093C6D9 /* LocationList.swift */ = {isa = PBXFileReference; lastKnownFileType = sourcecode.swift; path = LocationList.swift; sourceTree = "<group>"; };
		0EE280D92B1F583E0093C6D9 /* LocationItem.swift */ = {isa = PBXFileReference; lastKnownFileType = sourcecode.swift; path = LocationItem.swift; sourceTree = "<group>"; };
		0EE280DC2B20B26A0093C6D9 /* ReverseLocation.swift */ = {isa = PBXFileReference; lastKnownFileType = sourcecode.swift; path = ReverseLocation.swift; sourceTree = "<group>"; };
/* End PBXFileReference section */

/* Begin PBXFrameworksBuildPhase section */
		0ED21BE72B0B878F002EC3B0 /* Frameworks */ = {
			isa = PBXFrameworksBuildPhase;
			buildActionMask = 2147483647;
			files = (
			);
			runOnlyForDeploymentPostprocessing = 0;
		};
/* End PBXFrameworksBuildPhase section */

/* Begin PBXGroup section */
		0E351E872B303B1800B25629 /* CoreData */ = {
			isa = PBXGroup;
			children = (
				0E351E8C2B303BC200B25629 /* PersistentStore.swift */,
				0E351E952B3073AC00B25629 /* Wetter.xcdatamodeld */,
			);
			path = CoreData;
			sourceTree = "<group>";
		};
		0E351E982B3199DC00B25629 /* Search */ = {
			isa = PBXGroup;
			children = (
				0E351EA02B32FCA900B25629 /* Detail */,
				0EBA63432B17713D0001F895 /* LocationSearchViewModel.swift */,
				0E351E992B319A1F00B25629 /* LocationSearchListViewModel.swift */,
			);
			path = Search;
			sourceTree = "<group>";
		};
		0E351E9B2B32ED2D00B25629 /* Edit */ = {
			isa = PBXGroup;
			children = (
				0E351E9E2B32F44500B25629 /* LocationEditView.swift */,
			);
			path = Edit;
			sourceTree = "<group>";
		};
		0E351EA02B32FCA900B25629 /* Detail */ = {
			isa = PBXGroup;
			children = (
				0E351EA52B32FD0B00B25629 /* LocationDetailViewModel.swift */,
			);
			path = Detail;
			sourceTree = "<group>";
		};
		0E65AEAF2B0F549400331457 /* Modifier */ = {
			isa = PBXGroup;
			children = (
				0E65AEB02B0F551000331457 /* DefaultBackground.swift */,
				0E1CBC072B0F5DBB0099E7D2 /* CardViewStyling.swift */,
			);
			path = Modifier;
			sourceTree = "<group>";
		};
		0E7758C92B0B89EE0069AF61 /* Frameworks */ = {
			isa = PBXGroup;
			children = (
				0E7758CA2B0B89EE0069AF61 /* MapKit.framework */,
			);
			name = Frameworks;
			sourceTree = "<group>";
		};
		0E7758DE2B0B904F0069AF61 /* Views */ = {
			isa = PBXGroup;
			children = (
				0E79A60C2B0F951700F5528F /* WeatherFeatures */,
				0E7758E92B0B928D0069AF61 /* Home */,
				0E7758EA2B0B92930069AF61 /* Map */,
				0E7758EB2B0B929A0069AF61 /* Search */,
				0E7758E82B0B92800069AF61 /* Components */,
			);
			path = Views;
			sourceTree = "<group>";
		};
		0E7758E82B0B92800069AF61 /* Components */ = {
			isa = PBXGroup;
			children = (
				0E7759032B0CD68A0069AF61 /* CardViewVohersage.swift */,
				0E65AEAD2B0E299100331457 /* CardViewWochenVohersage.swift */,
				0E0B2BAC2B14D49000DDB408 /* FeaturesSelectButton.swift */,
				0E5D52B82B2B298C0065E9AD /* FormattedTime.swift */,
			);
			path = Components;
			sourceTree = "<group>";
		};
		0E7758E92B0B928D0069AF61 /* Home */ = {
			isa = PBXGroup;
			children = (
				0E7758F72B0CAA4D0069AF61 /* HomeView.swift */,
			);
			path = Home;
			sourceTree = "<group>";
		};
		0E7758EA2B0B92930069AF61 /* Map */ = {
			isa = PBXGroup;
			children = (
				0E7758F92B0CAAF10069AF61 /* MapView.swift */,
			);
			path = Map;
			sourceTree = "<group>";
		};
		0E7758EB2B0B929A0069AF61 /* Search */ = {
			isa = PBXGroup;
			children = (
				0E351E9B2B32ED2D00B25629 /* Edit */,
				0E7758FB2B0CAB1E0069AF61 /* LocationSearchView.swift */,
			);
			path = Search;
			sourceTree = "<group>";
		};
		0E7758EC2B0B92AE0069AF61 /* Navigation */ = {
			isa = PBXGroup;
			children = (
				0E7758EE2B0B92ED0069AF61 /* Tab */,
			);
			path = Navigation;
			sourceTree = "<group>";
		};
		0E7758ED2B0B92E40069AF61 /* Enums */ = {
			isa = PBXGroup;
			children = (
				0E7758E52B0B92140069AF61 /* TabItem.swift */,
				0E7758FD2B0CAF260069AF61 /* LocationItemEnum.swift */,
				0E7759012B0CBAB00069AF61 /* TagesvohersageItem.swift */,
				0E65AEAB2B0E264200331457 /* WochenvohersageItem.swift */,
				0E0B2BAA2B14D04700DDB408 /* WeatherFeatureItem.swift */,
			);
			path = Enums;
			sourceTree = "<group>";
		};
		0E7758EE2B0B92ED0069AF61 /* Tab */ = {
			isa = PBXGroup;
			children = (
				0E7758E32B0B92110069AF61 /* TabsView.swift */,
			);
			path = Tab;
			sourceTree = "<group>";
		};
		0E7758F42B0B9F6D0069AF61 /* Models */ = {
			isa = PBXGroup;
			children = (
				0EBA63382B1621000001F895 /* Weather */,
			);
			path = Models;
			sourceTree = "<group>";
		};
		0E79A60C2B0F951700F5528F /* WeatherFeatures */ = {
			isa = PBXGroup;
			children = (
				0E79A60D2B0F954900F5528F /* WeatherFeaturesSelectDay.swift */,
				0E6967BD2B10AE3700FA1943 /* WeatherFeaturesViewSheet.swift */,
				0E6967BF2B10E4A000FA1943 /* WeatherFeaturesChart.swift */,
				0E0B2BA62B14CFCF00DDB408 /* WeatherFeaturesSelectFeatures.swift */,
			);
			path = WeatherFeatures;
			sourceTree = "<group>";
		};
		0EBA63382B1621000001F895 /* Weather */ = {
			isa = PBXGroup;
			children = (
				0EBA63392B1621090001F895 /* Location */,
			);
			path = Weather;
			sourceTree = "<group>";
		};
		0EBA63392B1621090001F895 /* Location */ = {
			isa = PBXGroup;
			children = (
				0EBB08472B19E0D300DB2D83 /* api.JSON */,
				0EBA633C2B16212C0001F895 /* LocationSearch.swift */,
				0EBB08432B19DCFF00DB2D83 /* LocationFeatures.swift */,
				0EE280D72B1F2DEA0093C6D9 /* LocationList.swift */,
				0EE280D92B1F583E0093C6D9 /* LocationItem.swift */,
			);
			path = Location;
			sourceTree = "<group>";
		};
		0EBA63422B176F610001F895 /* ViewModels */ = {
			isa = PBXGroup;
			children = (
				0E351E982B3199DC00B25629 /* Search */,
				0EBA63452B1773550001F895 /* Enums */,
				0EBB08492B1DD01B00DB2D83 /* LocationFeaturesViewModel.swift */,
				0E351E902B30706A00B25629 /* LocationViewModel.swift */,
			);
			path = ViewModels;
			sourceTree = "<group>";
		};
		0EBA63452B1773550001F895 /* Enums */ = {
			isa = PBXGroup;
			children = (
				0EBA63462B1773640001F895 /* HTTPError.swift */,
			);
			path = Enums;
			sourceTree = "<group>";
		};
		0EBA63482B177F340001F895 /* Utils */ = {
			isa = PBXGroup;
			children = (
				0EE280DB2B20B24E0093C6D9 /* Location */,
				0EBA63492B177F3A0001F895 /* Colors */,
			);
			path = Utils;
			sourceTree = "<group>";
		};
		0EBA63492B177F3A0001F895 /* Colors */ = {
			isa = PBXGroup;
			children = (
				0E79A60A2B0F8ED700F5528F /* CustomColors.swift */,
				0ECE8EE92B18BB9800D38CE8 /* Colors.swift */,
			);
			path = Colors;
			sourceTree = "<group>";
		};
		0ED21BE12B0B878F002EC3B0 = {
			isa = PBXGroup;
			children = (
				0ED21BEC2B0B878F002EC3B0 /* Wetter */,
				0ED21BEB2B0B878F002EC3B0 /* Products */,
				0E7758C92B0B89EE0069AF61 /* Frameworks */,
			);
			sourceTree = "<group>";
		};
		0ED21BEB2B0B878F002EC3B0 /* Products */ = {
			isa = PBXGroup;
			children = (
				0ED21BEA2B0B878F002EC3B0 /* Wetter.app */,
			);
			name = Products;
			sourceTree = "<group>";
		};
		0ED21BEC2B0B878F002EC3B0 /* Wetter */ = {
			isa = PBXGroup;
			children = (
				0E351E872B303B1800B25629 /* CoreData */,
				0E7758DF2B0B91610069AF61 /* File */,
				0EE280D42B1F244B0093C6D9 /* Repository */,
				0E7758F42B0B9F6D0069AF61 /* Models */,
				0EBA63482B177F340001F895 /* Utils */,
				0EBA63422B176F610001F895 /* ViewModels */,
				0E7758DE2B0B904F0069AF61 /* Views */,
				0E7758EC2B0B92AE0069AF61 /* Navigation */,
				0E7758ED2B0B92E40069AF61 /* Enums */,
				0E65AEAF2B0F549400331457 /* Modifier */,
				0ED21BED2B0B878F002EC3B0 /* WetterApp.swift */,
				0ED21BF12B0B8791002EC3B0 /* Assets.xcassets */,
				0ED21BF32B0B8791002EC3B0 /* Preview Content */,
			);
			path = Wetter;
			sourceTree = "<group>";
		};
		0ED21BF32B0B8791002EC3B0 /* Preview Content */ = {
			isa = PBXGroup;
			children = (
				0ED21BF42B0B8791002EC3B0 /* Preview Assets.xcassets */,
			);
			path = "Preview Content";
			sourceTree = "<group>";
		};
		0EE280D42B1F244B0093C6D9 /* Repository */ = {
			isa = PBXGroup;
			children = (
				0EE280D52B1F246B0093C6D9 /* WeatherRepository.swift */,
			);
			path = Repository;
			sourceTree = "<group>";
		};
		0EE280DB2B20B24E0093C6D9 /* Location */ = {
			isa = PBXGroup;
			children = (
				0EE280DC2B20B26A0093C6D9 /* ReverseLocation.swift */,
				0E351E8E2B3052E300B25629 /* geocodeAdress.swift */,
			);
			path = Location;
			sourceTree = "<group>";
		};
/* End PBXGroup section */

/* Begin PBXNativeTarget section */
		0ED21BE92B0B878F002EC3B0 /* Wetter */ = {
			isa = PBXNativeTarget;
			buildConfigurationList = 0ED21BF82B0B8791002EC3B0 /* Build configuration list for PBXNativeTarget "Wetter" */;
			buildPhases = (
				0ED21BE62B0B878F002EC3B0 /* Sources */,
				0ED21BE72B0B878F002EC3B0 /* Frameworks */,
				0ED21BE82B0B878F002EC3B0 /* Resources */,
				0ECE8EE82B18878300D38CE8 /* SwiftLint */,
			);
			buildRules = (
			);
			dependencies = (
			);
			name = Wetter;
			productName = Wetter;
			productReference = 0ED21BEA2B0B878F002EC3B0 /* Wetter.app */;
			productType = "com.apple.product-type.application";
		};
/* End PBXNativeTarget section */

/* Begin PBXProject section */
		0ED21BE22B0B878F002EC3B0 /* Project object */ = {
			isa = PBXProject;
			attributes = {
				BuildIndependentTargetsInParallel = 1;
				LastSwiftUpdateCheck = 1500;
				LastUpgradeCheck = 1500;
				TargetAttributes = {
					0ED21BE92B0B878F002EC3B0 = {
						CreatedOnToolsVersion = 15.0.1;
					};
				};
			};
			buildConfigurationList = 0ED21BE52B0B878F002EC3B0 /* Build configuration list for PBXProject "Wetter" */;
			compatibilityVersion = "Xcode 14.0";
			developmentRegion = en;
			hasScannedForEncodings = 0;
			knownRegions = (
				en,
				Base,
			);
			mainGroup = 0ED21BE12B0B878F002EC3B0;
			productRefGroup = 0ED21BEB2B0B878F002EC3B0 /* Products */;
			projectDirPath = "";
			projectRoot = "";
			targets = (
				0ED21BE92B0B878F002EC3B0 /* Wetter */,
			);
		};
/* End PBXProject section */

/* Begin PBXResourcesBuildPhase section */
		0ED21BE82B0B878F002EC3B0 /* Resources */ = {
			isa = PBXResourcesBuildPhase;
			buildActionMask = 2147483647;
			files = (
				0E7758E12B0B91610069AF61 /* File in Resources */,
				0ED21BF52B0B8791002EC3B0 /* Preview Assets.xcassets in Resources */,
				0EBB08482B19E0D300DB2D83 /* api.JSON in Resources */,
				0ED21BF22B0B8791002EC3B0 /* Assets.xcassets in Resources */,
			);
			runOnlyForDeploymentPostprocessing = 0;
		};
/* End PBXResourcesBuildPhase section */

/* Begin PBXShellScriptBuildPhase section */
		0ECE8EE82B18878300D38CE8 /* SwiftLint */ = {
			isa = PBXShellScriptBuildPhase;
			alwaysOutOfDate = 1;
			buildActionMask = 2147483647;
			files = (
			);
			inputFileListPaths = (
			);
			inputPaths = (
			);
			name = SwiftLint;
			outputFileListPaths = (
			);
			outputPaths = (
			);
			runOnlyForDeploymentPostprocessing = 0;
			shellPath = /bin/sh;
			shellScript = "# Type a script or drag a script file from your workspace to insert its path.\nexport PATH=\"$PATH:/opt/homebrew/bin\"\nif which swiftlint > /dev/null; then\nswiftlint\nelse\necho \"warning: SwiftLint not installed, download from https://github.com/realm/SwiftLint\"\nfi\n";
		};
/* End PBXShellScriptBuildPhase section */

/* Begin PBXSourcesBuildPhase section */
		0ED21BE62B0B878F002EC3B0 /* Sources */ = {
			isa = PBXSourcesBuildPhase;
			buildActionMask = 2147483647;
			files = (
				0E7758FA2B0CAAF10069AF61 /* MapView.swift in Sources */,
				0E1CBC082B0F5DBB0099E7D2 /* CardViewStyling.swift in Sources */,
				0E351E972B3073AC00B25629 /* Wetter.xcdatamodeld in Sources */,
				0EBB084A2B1DD01C00DB2D83 /* LocationFeaturesViewModel.swift in Sources */,
				0E5D52B92B2B298C0065E9AD /* FormattedTime.swift in Sources */,
				0E351E9F2B32F44500B25629 /* LocationEditView.swift in Sources */,
				0E351EA62B32FD0B00B25629 /* LocationDetailViewModel.swift in Sources */,
				0E6967C02B10E4A000FA1943 /* WeatherFeaturesChart.swift in Sources */,
				0EBA63442B17713D0001F895 /* LocationSearchViewModel.swift in Sources */,
				0E7759042B0CD68A0069AF61 /* CardViewVohersage.swift in Sources */,
				0E351E912B30706A00B25629 /* LocationViewModel.swift in Sources */,
				0E7758E42B0B92110069AF61 /* TabsView.swift in Sources */,
				0E7758FE2B0CAF260069AF61 /* LocationItemEnum.swift in Sources */,
				0E0B2BAB2B14D04700DDB408 /* WeatherFeatureItem.swift in Sources */,
				0E7759022B0CBAB00069AF61 /* TagesvohersageItem.swift in Sources */,
				0E79A60E2B0F954900F5528F /* WeatherFeaturesSelectDay.swift in Sources */,
				0E351E9A2B319A1F00B25629 /* LocationSearchListViewModel.swift in Sources */,
				0E0B2BA72B14CFCF00DDB408 /* WeatherFeaturesSelectFeatures.swift in Sources */,
				0EE280D62B1F246B0093C6D9 /* WeatherRepository.swift in Sources */,
				0E0B2BAD2B14D49000DDB408 /* FeaturesSelectButton.swift in Sources */,
				0E65AEAE2B0E299100331457 /* CardViewWochenVohersage.swift in Sources */,
				0EBA63472B1773640001F895 /* HTTPError.swift in Sources */,
				0EBA633D2B16212C0001F895 /* LocationSearch.swift in Sources */,
				0E351E8D2B303BC200B25629 /* PersistentStore.swift in Sources */,
				0E65AEB12B0F551000331457 /* DefaultBackground.swift in Sources */,
				0EE280DD2B20B26A0093C6D9 /* ReverseLocation.swift in Sources */,
				0E79A60B2B0F8ED700F5528F /* CustomColors.swift in Sources */,
				0E351E8F2B3052E300B25629 /* geocodeAdress.swift in Sources */,
				0E7758FC2B0CAB1E0069AF61 /* LocationSearchView.swift in Sources */,
				0EE280DA2B1F583E0093C6D9 /* LocationItem.swift in Sources */,
				0EE280D82B1F2DEA0093C6D9 /* LocationList.swift in Sources */,
				0E7758F82B0CAA4D0069AF61 /* HomeView.swift in Sources */,
				0ECE8EEA2B18BB9800D38CE8 /* Colors.swift in Sources */,
				0E7758E62B0B92140069AF61 /* TabItem.swift in Sources */,
				0EBB08442B19DCFF00DB2D83 /* LocationFeatures.swift in Sources */,
				0ED21BEE2B0B878F002EC3B0 /* WetterApp.swift in Sources */,
				0E6967BE2B10AE3700FA1943 /* WeatherFeaturesViewSheet.swift in Sources */,
				0E65AEAC2B0E264200331457 /* WochenvohersageItem.swift in Sources */,
			);
			runOnlyForDeploymentPostprocessing = 0;
		};
/* End PBXSourcesBuildPhase section */

/* Begin XCBuildConfiguration section */
		0ED21BF62B0B8791002EC3B0 /* Debug */ = {
			isa = XCBuildConfiguration;
			buildSettings = {
				ALWAYS_SEARCH_USER_PATHS = NO;
				ASSETCATALOG_COMPILER_GENERATE_SWIFT_ASSET_SYMBOL_EXTENSIONS = YES;
				CLANG_ANALYZER_NONNULL = YES;
				CLANG_ANALYZER_NUMBER_OBJECT_CONVERSION = YES_AGGRESSIVE;
				CLANG_CXX_LANGUAGE_STANDARD = "gnu++20";
				CLANG_ENABLE_MODULES = YES;
				CLANG_ENABLE_OBJC_ARC = YES;
				CLANG_ENABLE_OBJC_WEAK = YES;
				CLANG_WARN_BLOCK_CAPTURE_AUTORELEASING = YES;
				CLANG_WARN_BOOL_CONVERSION = YES;
				CLANG_WARN_COMMA = YES;
				CLANG_WARN_CONSTANT_CONVERSION = YES;
				CLANG_WARN_DEPRECATED_OBJC_IMPLEMENTATIONS = YES;
				CLANG_WARN_DIRECT_OBJC_ISA_USAGE = YES_ERROR;
				CLANG_WARN_DOCUMENTATION_COMMENTS = YES;
				CLANG_WARN_EMPTY_BODY = YES;
				CLANG_WARN_ENUM_CONVERSION = YES;
				CLANG_WARN_INFINITE_RECURSION = YES;
				CLANG_WARN_INT_CONVERSION = YES;
				CLANG_WARN_NON_LITERAL_NULL_CONVERSION = YES;
				CLANG_WARN_OBJC_IMPLICIT_RETAIN_SELF = YES;
				CLANG_WARN_OBJC_LITERAL_CONVERSION = YES;
				CLANG_WARN_OBJC_ROOT_CLASS = YES_ERROR;
				CLANG_WARN_QUOTED_INCLUDE_IN_FRAMEWORK_HEADER = YES;
				CLANG_WARN_RANGE_LOOP_ANALYSIS = YES;
				CLANG_WARN_STRICT_PROTOTYPES = YES;
				CLANG_WARN_SUSPICIOUS_MOVE = YES;
				CLANG_WARN_UNGUARDED_AVAILABILITY = YES_AGGRESSIVE;
				CLANG_WARN_UNREACHABLE_CODE = YES;
				CLANG_WARN__DUPLICATE_METHOD_MATCH = YES;
				COPY_PHASE_STRIP = NO;
				DEBUG_INFORMATION_FORMAT = dwarf;
				ENABLE_STRICT_OBJC_MSGSEND = YES;
				ENABLE_TESTABILITY = YES;
				ENABLE_USER_SCRIPT_SANDBOXING = YES;
				GCC_C_LANGUAGE_STANDARD = gnu17;
				GCC_DYNAMIC_NO_PIC = NO;
				GCC_NO_COMMON_BLOCKS = YES;
				GCC_OPTIMIZATION_LEVEL = 0;
				GCC_PREPROCESSOR_DEFINITIONS = (
					"DEBUG=1",
					"$(inherited)",
				);
				GCC_WARN_64_TO_32_BIT_CONVERSION = YES;
				GCC_WARN_ABOUT_RETURN_TYPE = YES_ERROR;
				GCC_WARN_UNDECLARED_SELECTOR = YES;
				GCC_WARN_UNINITIALIZED_AUTOS = YES_AGGRESSIVE;
				GCC_WARN_UNUSED_FUNCTION = YES;
				GCC_WARN_UNUSED_VARIABLE = YES;
				IPHONEOS_DEPLOYMENT_TARGET = 17.0;
				LOCALIZATION_PREFERS_STRING_CATALOGS = YES;
				MTL_ENABLE_DEBUG_INFO = INCLUDE_SOURCE;
				MTL_FAST_MATH = YES;
				ONLY_ACTIVE_ARCH = YES;
				SDKROOT = iphoneos;
				SWIFT_ACTIVE_COMPILATION_CONDITIONS = "DEBUG $(inherited)";
				SWIFT_OPTIMIZATION_LEVEL = "-Onone";
			};
			name = Debug;
		};
		0ED21BF72B0B8791002EC3B0 /* Release */ = {
			isa = XCBuildConfiguration;
			buildSettings = {
				ALWAYS_SEARCH_USER_PATHS = NO;
				ASSETCATALOG_COMPILER_GENERATE_SWIFT_ASSET_SYMBOL_EXTENSIONS = YES;
				CLANG_ANALYZER_NONNULL = YES;
				CLANG_ANALYZER_NUMBER_OBJECT_CONVERSION = YES_AGGRESSIVE;
				CLANG_CXX_LANGUAGE_STANDARD = "gnu++20";
				CLANG_ENABLE_MODULES = YES;
				CLANG_ENABLE_OBJC_ARC = YES;
				CLANG_ENABLE_OBJC_WEAK = YES;
				CLANG_WARN_BLOCK_CAPTURE_AUTORELEASING = YES;
				CLANG_WARN_BOOL_CONVERSION = YES;
				CLANG_WARN_COMMA = YES;
				CLANG_WARN_CONSTANT_CONVERSION = YES;
				CLANG_WARN_DEPRECATED_OBJC_IMPLEMENTATIONS = YES;
				CLANG_WARN_DIRECT_OBJC_ISA_USAGE = YES_ERROR;
				CLANG_WARN_DOCUMENTATION_COMMENTS = YES;
				CLANG_WARN_EMPTY_BODY = YES;
				CLANG_WARN_ENUM_CONVERSION = YES;
				CLANG_WARN_INFINITE_RECURSION = YES;
				CLANG_WARN_INT_CONVERSION = YES;
				CLANG_WARN_NON_LITERAL_NULL_CONVERSION = YES;
				CLANG_WARN_OBJC_IMPLICIT_RETAIN_SELF = YES;
				CLANG_WARN_OBJC_LITERAL_CONVERSION = YES;
				CLANG_WARN_OBJC_ROOT_CLASS = YES_ERROR;
				CLANG_WARN_QUOTED_INCLUDE_IN_FRAMEWORK_HEADER = YES;
				CLANG_WARN_RANGE_LOOP_ANALYSIS = YES;
				CLANG_WARN_STRICT_PROTOTYPES = YES;
				CLANG_WARN_SUSPICIOUS_MOVE = YES;
				CLANG_WARN_UNGUARDED_AVAILABILITY = YES_AGGRESSIVE;
				CLANG_WARN_UNREACHABLE_CODE = YES;
				CLANG_WARN__DUPLICATE_METHOD_MATCH = YES;
				COPY_PHASE_STRIP = NO;
				DEBUG_INFORMATION_FORMAT = "dwarf-with-dsym";
				ENABLE_NS_ASSERTIONS = NO;
				ENABLE_STRICT_OBJC_MSGSEND = YES;
				ENABLE_USER_SCRIPT_SANDBOXING = YES;
				GCC_C_LANGUAGE_STANDARD = gnu17;
				GCC_NO_COMMON_BLOCKS = YES;
				GCC_WARN_64_TO_32_BIT_CONVERSION = YES;
				GCC_WARN_ABOUT_RETURN_TYPE = YES_ERROR;
				GCC_WARN_UNDECLARED_SELECTOR = YES;
				GCC_WARN_UNINITIALIZED_AUTOS = YES_AGGRESSIVE;
				GCC_WARN_UNUSED_FUNCTION = YES;
				GCC_WARN_UNUSED_VARIABLE = YES;
				IPHONEOS_DEPLOYMENT_TARGET = 17.0;
				LOCALIZATION_PREFERS_STRING_CATALOGS = YES;
				MTL_ENABLE_DEBUG_INFO = NO;
				MTL_FAST_MATH = YES;
				SDKROOT = iphoneos;
				SWIFT_COMPILATION_MODE = wholemodule;
				VALIDATE_PRODUCT = YES;
			};
			name = Release;
		};
		0ED21BF92B0B8791002EC3B0 /* Debug */ = {
			isa = XCBuildConfiguration;
			buildSettings = {
				ASSETCATALOG_COMPILER_APPICON_NAME = AppIcon;
				ASSETCATALOG_COMPILER_GLOBAL_ACCENT_COLOR_NAME = AccentColor;
				CODE_SIGN_STYLE = Automatic;
				CURRENT_PROJECT_VERSION = 1;
				DEVELOPMENT_ASSET_PATHS = "\"Wetter/Preview Content\"";
				DEVELOPMENT_TEAM = 454E98YD6M;
				ENABLE_PREVIEWS = YES;
				ENABLE_USER_SCRIPT_SANDBOXING = NO;
				GENERATE_INFOPLIST_FILE = YES;
				INFOPLIST_KEY_UIApplicationSceneManifest_Generation = YES;
				INFOPLIST_KEY_UIApplicationSupportsIndirectInputEvents = YES;
				INFOPLIST_KEY_UILaunchScreen_Generation = YES;
				INFOPLIST_KEY_UISupportedInterfaceOrientations = UIInterfaceOrientationPortrait;
				INFOPLIST_KEY_UISupportedInterfaceOrientations_iPad = "UIInterfaceOrientationLandscapeLeft UIInterfaceOrientationLandscapeRight UIInterfaceOrientationPortrait UIInterfaceOrientationPortraitUpsideDown";
				IPHONEOS_DEPLOYMENT_TARGET = 17.2;
				LD_RUNPATH_SEARCH_PATHS = (
					"$(inherited)",
					"@executable_path/Frameworks",
				);
				MARKETING_VERSION = 1.0;
				PRODUCT_BUNDLE_IDENTIFIER = com.svenkreussler.Wetter;
				PRODUCT_NAME = "$(TARGET_NAME)";
				SUPPORTED_PLATFORMS = "iphoneos iphonesimulator";
				SUPPORTS_MACCATALYST = NO;
				SUPPORTS_MAC_DESIGNED_FOR_IPHONE_IPAD = NO;
				SWIFT_EMIT_LOC_STRINGS = YES;
				SWIFT_VERSION = 5.0;
				TARGETED_DEVICE_FAMILY = 1;
			};
			name = Debug;
		};
		0ED21BFA2B0B8791002EC3B0 /* Release */ = {
			isa = XCBuildConfiguration;
			buildSettings = {
				ASSETCATALOG_COMPILER_APPICON_NAME = AppIcon;
				ASSETCATALOG_COMPILER_GLOBAL_ACCENT_COLOR_NAME = AccentColor;
				CODE_SIGN_STYLE = Automatic;
				CURRENT_PROJECT_VERSION = 1;
				DEVELOPMENT_ASSET_PATHS = "\"Wetter/Preview Content\"";
				DEVELOPMENT_TEAM = 454E98YD6M;
				ENABLE_PREVIEWS = YES;
				ENABLE_USER_SCRIPT_SANDBOXING = NO;
				GENERATE_INFOPLIST_FILE = YES;
				INFOPLIST_KEY_UIApplicationSceneManifest_Generation = YES;
				INFOPLIST_KEY_UIApplicationSupportsIndirectInputEvents = YES;
				INFOPLIST_KEY_UILaunchScreen_Generation = YES;
				INFOPLIST_KEY_UISupportedInterfaceOrientations = UIInterfaceOrientationPortrait;
				INFOPLIST_KEY_UISupportedInterfaceOrientations_iPad = "UIInterfaceOrientationLandscapeLeft UIInterfaceOrientationLandscapeRight UIInterfaceOrientationPortrait UIInterfaceOrientationPortraitUpsideDown";
				IPHONEOS_DEPLOYMENT_TARGET = 17.2;
				LD_RUNPATH_SEARCH_PATHS = (
					"$(inherited)",
					"@executable_path/Frameworks",
				);
				MARKETING_VERSION = 1.0;
				PRODUCT_BUNDLE_IDENTIFIER = com.svenkreussler.Wetter;
				PRODUCT_NAME = "$(TARGET_NAME)";
				SUPPORTED_PLATFORMS = "iphoneos iphonesimulator";
				SUPPORTS_MACCATALYST = NO;
				SUPPORTS_MAC_DESIGNED_FOR_IPHONE_IPAD = NO;
				SWIFT_EMIT_LOC_STRINGS = YES;
				SWIFT_VERSION = 5.0;
				TARGETED_DEVICE_FAMILY = 1;
			};
			name = Release;
		};
/* End XCBuildConfiguration section */

/* Begin XCConfigurationList section */
		0ED21BE52B0B878F002EC3B0 /* Build configuration list for PBXProject "Wetter" */ = {
			isa = XCConfigurationList;
			buildConfigurations = (
				0ED21BF62B0B8791002EC3B0 /* Debug */,
				0ED21BF72B0B8791002EC3B0 /* Release */,
			);
			defaultConfigurationIsVisible = 0;
			defaultConfigurationName = Release;
		};
		0ED21BF82B0B8791002EC3B0 /* Build configuration list for PBXNativeTarget "Wetter" */ = {
			isa = XCConfigurationList;
			buildConfigurations = (
				0ED21BF92B0B8791002EC3B0 /* Debug */,
				0ED21BFA2B0B8791002EC3B0 /* Release */,
			);
			defaultConfigurationIsVisible = 0;
			defaultConfigurationName = Release;
		};
/* End XCConfigurationList section */

/* Begin XCVersionGroup section */
		0E351E952B3073AC00B25629 /* Wetter.xcdatamodeld */ = {
			isa = XCVersionGroup;
			children = (
				0E351E962B3073AC00B25629 /* Wetter.xcdatamodel */,
			);
			currentVersion = 0E351E962B3073AC00B25629 /* Wetter.xcdatamodel */;
			path = Wetter.xcdatamodeld;
			sourceTree = "<group>";
			versionGroupType = wrapper.xcdatamodel;
		};
/* End XCVersionGroup section */
	};
	rootObject = 0ED21BE22B0B878F002EC3B0 /* Project object */;
}
