// !$*UTF8*$!
{
	archiveVersion = 1;
	classes = {
	};
	objectVersion = 56;
	objects = {

/* Begin PBXBuildFile section */
		0E7758E12B0B91610069AF61 /* File in Resources */ = {isa = PBXBuildFile; fileRef = 0E7758DF2B0B91610069AF61 /* File */; };
		0E7758E42B0B92110069AF61 /* TabsView.swift in Sources */ = {isa = PBXBuildFile; fileRef = 0E7758E32B0B92110069AF61 /* TabsView.swift */; };
		0E7758E62B0B92140069AF61 /* TabItem.swift in Sources */ = {isa = PBXBuildFile; fileRef = 0E7758E52B0B92140069AF61 /* TabItem.swift */; };
		0E7758F82B0CAA4D0069AF61 /* HomeView.swift in Sources */ = {isa = PBXBuildFile; fileRef = 0E7758F72B0CAA4D0069AF61 /* HomeView.swift */; };
		0E7758FA2B0CAAF10069AF61 /* MapView.swift in Sources */ = {isa = PBXBuildFile; fileRef = 0E7758F92B0CAAF10069AF61 /* MapView.swift */; };
		0E7758FC2B0CAB1E0069AF61 /* SearchView.swift in Sources */ = {isa = PBXBuildFile; fileRef = 0E7758FB2B0CAB1E0069AF61 /* SearchView.swift */; };
		0E7758FE2B0CAF260069AF61 /* LocationItem.swift in Sources */ = {isa = PBXBuildFile; fileRef = 0E7758FD2B0CAF260069AF61 /* LocationItem.swift */; };
		0E7759022B0CBAB00069AF61 /* TagesvohersageItem.swift in Sources */ = {isa = PBXBuildFile; fileRef = 0E7759012B0CBAB00069AF61 /* TagesvohersageItem.swift */; };
		0E7759042B0CD68A0069AF61 /* CardViewVohersage.swift in Sources */ = {isa = PBXBuildFile; fileRef = 0E7759032B0CD68A0069AF61 /* CardViewVohersage.swift */; };
		0E7759072B0CE0050069AF61 /* TagesvohersageList.swift in Sources */ = {isa = PBXBuildFile; fileRef = 0E7759062B0CE0050069AF61 /* TagesvohersageList.swift */; };
		0ED21BEE2B0B878F002EC3B0 /* WetterApp.swift in Sources */ = {isa = PBXBuildFile; fileRef = 0ED21BED2B0B878F002EC3B0 /* WetterApp.swift */; };
		0ED21BF02B0B878F002EC3B0 /* ContentView.swift in Sources */ = {isa = PBXBuildFile; fileRef = 0ED21BEF2B0B878F002EC3B0 /* ContentView.swift */; };
		0ED21BF22B0B8791002EC3B0 /* Assets.xcassets in Resources */ = {isa = PBXBuildFile; fileRef = 0ED21BF12B0B8791002EC3B0 /* Assets.xcassets */; };
		0ED21BF52B0B8791002EC3B0 /* Preview Assets.xcassets in Resources */ = {isa = PBXBuildFile; fileRef = 0ED21BF42B0B8791002EC3B0 /* Preview Assets.xcassets */; };
/* End PBXBuildFile section */

/* Begin PBXFileReference section */
		0E7758CA2B0B89EE0069AF61 /* MapKit.framework */ = {isa = PBXFileReference; lastKnownFileType = wrapper.framework; name = MapKit.framework; path = System/Library/Frameworks/MapKit.framework; sourceTree = SDKROOT; };
		0E7758DF2B0B91610069AF61 /* File */ = {isa = PBXFileReference; fileEncoding = 4; lastKnownFileType = text; path = File; sourceTree = "<group>"; };
		0E7758E32B0B92110069AF61 /* TabsView.swift */ = {isa = PBXFileReference; lastKnownFileType = sourcecode.swift; path = TabsView.swift; sourceTree = "<group>"; };
		0E7758E52B0B92140069AF61 /* TabItem.swift */ = {isa = PBXFileReference; lastKnownFileType = sourcecode.swift; path = TabItem.swift; sourceTree = "<group>"; };
		0E7758F72B0CAA4D0069AF61 /* HomeView.swift */ = {isa = PBXFileReference; lastKnownFileType = sourcecode.swift; path = HomeView.swift; sourceTree = "<group>"; };
		0E7758F92B0CAAF10069AF61 /* MapView.swift */ = {isa = PBXFileReference; lastKnownFileType = sourcecode.swift; path = MapView.swift; sourceTree = "<group>"; };
		0E7758FB2B0CAB1E0069AF61 /* SearchView.swift */ = {isa = PBXFileReference; lastKnownFileType = sourcecode.swift; path = SearchView.swift; sourceTree = "<group>"; };
		0E7758FD2B0CAF260069AF61 /* LocationItem.swift */ = {isa = PBXFileReference; lastKnownFileType = sourcecode.swift; path = LocationItem.swift; sourceTree = "<group>"; };
		0E7759012B0CBAB00069AF61 /* TagesvohersageItem.swift */ = {isa = PBXFileReference; lastKnownFileType = sourcecode.swift; path = TagesvohersageItem.swift; sourceTree = "<group>"; };
		0E7759032B0CD68A0069AF61 /* CardViewVohersage.swift */ = {isa = PBXFileReference; lastKnownFileType = sourcecode.swift; path = CardViewVohersage.swift; sourceTree = "<group>"; };
		0E7759062B0CE0050069AF61 /* TagesvohersageList.swift */ = {isa = PBXFileReference; lastKnownFileType = sourcecode.swift; path = TagesvohersageList.swift; sourceTree = "<group>"; };
		0ED21BEA2B0B878F002EC3B0 /* Wetter.app */ = {isa = PBXFileReference; explicitFileType = wrapper.application; includeInIndex = 0; path = Wetter.app; sourceTree = BUILT_PRODUCTS_DIR; };
		0ED21BED2B0B878F002EC3B0 /* WetterApp.swift */ = {isa = PBXFileReference; lastKnownFileType = sourcecode.swift; path = WetterApp.swift; sourceTree = "<group>"; };
		0ED21BEF2B0B878F002EC3B0 /* ContentView.swift */ = {isa = PBXFileReference; lastKnownFileType = sourcecode.swift; path = ContentView.swift; sourceTree = "<group>"; };
		0ED21BF12B0B8791002EC3B0 /* Assets.xcassets */ = {isa = PBXFileReference; lastKnownFileType = folder.assetcatalog; path = Assets.xcassets; sourceTree = "<group>"; };
		0ED21BF42B0B8791002EC3B0 /* Preview Assets.xcassets */ = {isa = PBXFileReference; lastKnownFileType = folder.assetcatalog; path = "Preview Assets.xcassets"; sourceTree = "<group>"; };
/* End PBXFileReference section */

/* Begin PBXFrameworksBuildPhase section */
		0ED21BE72B0B878F002EC3B0 /* Frameworks */ = {
			isa = PBXFrameworksBuildPhase;
			buildActionMask = 2147483647;
			files = (
			);
			runOnlyForDeploymentPostprocessing = 0;
		};
/* End PBXFrameworksBuildPhase section */

/* Begin PBXGroup section */
		0E7758C92B0B89EE0069AF61 /* Frameworks */ = {
			isa = PBXGroup;
			children = (
				0E7758CA2B0B89EE0069AF61 /* MapKit.framework */,
			);
			name = Frameworks;
			sourceTree = "<group>";
		};
		0E7758DE2B0B904F0069AF61 /* UI */ = {
			isa = PBXGroup;
			children = (
				0E7758E92B0B928D0069AF61 /* Home */,
				0E7758EA2B0B92930069AF61 /* Map */,
				0E7758EB2B0B929A0069AF61 /* Search */,
				0E7758E82B0B92800069AF61 /* Components */,
			);
			path = UI;
			sourceTree = "<group>";
		};
		0E7758E82B0B92800069AF61 /* Components */ = {
			isa = PBXGroup;
			children = (
				0E7758F12B0B955E0069AF61 /* Enums */,
			);
			path = Components;
			sourceTree = "<group>";
		};
		0E7758E92B0B928D0069AF61 /* Home */ = {
			isa = PBXGroup;
			children = (
				0E7759052B0CDFCE0069AF61 /* List */,
				0E7758F72B0CAA4D0069AF61 /* HomeView.swift */,
			);
			path = Home;
			sourceTree = "<group>";
		};
		0E7758EA2B0B92930069AF61 /* Map */ = {
			isa = PBXGroup;
			children = (
				0E7758F92B0CAAF10069AF61 /* MapView.swift */,
			);
			path = Map;
			sourceTree = "<group>";
		};
		0E7758EB2B0B929A0069AF61 /* Search */ = {
			isa = PBXGroup;
			children = (
				0E7758FB2B0CAB1E0069AF61 /* SearchView.swift */,
			);
			path = Search;
			sourceTree = "<group>";
		};
		0E7758EC2B0B92AE0069AF61 /* Navigation */ = {
			isa = PBXGroup;
			children = (
				0E7758EE2B0B92ED0069AF61 /* Tab */,
			);
			path = Navigation;
			sourceTree = "<group>";
		};
		0E7758ED2B0B92E40069AF61 /* Enums */ = {
			isa = PBXGroup;
			children = (
				0E7758E52B0B92140069AF61 /* TabItem.swift */,
				0E7758FD2B0CAF260069AF61 /* LocationItem.swift */,
				0E7759012B0CBAB00069AF61 /* TagesvohersageItem.swift */,
			);
			path = Enums;
			sourceTree = "<group>";
		};
		0E7758EE2B0B92ED0069AF61 /* Tab */ = {
			isa = PBXGroup;
			children = (
				0E7758E32B0B92110069AF61 /* TabsView.swift */,
			);
			path = Tab;
			sourceTree = "<group>";
		};
		0E7758F12B0B955E0069AF61 /* Enums */ = {
			isa = PBXGroup;
			children = (
				0E7759032B0CD68A0069AF61 /* CardViewVohersage.swift */,
			);
			path = Enums;
			sourceTree = "<group>";
		};
		0E7758F42B0B9F6D0069AF61 /* Model */ = {
			isa = PBXGroup;
			children = (
			);
			path = Model;
			sourceTree = "<group>";
		};
		0E7759052B0CDFCE0069AF61 /* List */ = {
			isa = PBXGroup;
			children = (
				0E7759062B0CE0050069AF61 /* TagesvohersageList.swift */,
			);
			path = List;
			sourceTree = "<group>";
		};
		0ED21BE12B0B878F002EC3B0 = {
			isa = PBXGroup;
			children = (
				0ED21BEC2B0B878F002EC3B0 /* Wetter */,
				0ED21BEB2B0B878F002EC3B0 /* Products */,
				0E7758C92B0B89EE0069AF61 /* Frameworks */,
			);
			sourceTree = "<group>";
		};
		0ED21BEB2B0B878F002EC3B0 /* Products */ = {
			isa = PBXGroup;
			children = (
				0ED21BEA2B0B878F002EC3B0 /* Wetter.app */,
			);
			name = Products;
			sourceTree = "<group>";
		};
		0ED21BEC2B0B878F002EC3B0 /* Wetter */ = {
			isa = PBXGroup;
			children = (
				0E7758DF2B0B91610069AF61 /* File */,
				0E7758ED2B0B92E40069AF61 /* Enums */,
				0E7758F42B0B9F6D0069AF61 /* Model */,
				0ED21BED2B0B878F002EC3B0 /* WetterApp.swift */,
				0ED21BEF2B0B878F002EC3B0 /* ContentView.swift */,
				0E7758EC2B0B92AE0069AF61 /* Navigation */,
				0E7758DE2B0B904F0069AF61 /* UI */,
				0ED21BF12B0B8791002EC3B0 /* Assets.xcassets */,
				0ED21BF32B0B8791002EC3B0 /* Preview Content */,
			);
			path = Wetter;
			sourceTree = "<group>";
		};
		0ED21BF32B0B8791002EC3B0 /* Preview Content */ = {
			isa = PBXGroup;
			children = (
				0ED21BF42B0B8791002EC3B0 /* Preview Assets.xcassets */,
			);
			path = "Preview Content";
			sourceTree = "<group>";
		};
/* End PBXGroup section */

/* Begin PBXNativeTarget section */
		0ED21BE92B0B878F002EC3B0 /* Wetter */ = {
			isa = PBXNativeTarget;
			buildConfigurationList = 0ED21BF82B0B8791002EC3B0 /* Build configuration list for PBXNativeTarget "Wetter" */;
			buildPhases = (
				0ED21BE62B0B878F002EC3B0 /* Sources */,
				0ED21BE72B0B878F002EC3B0 /* Frameworks */,
				0ED21BE82B0B878F002EC3B0 /* Resources */,
			);
			buildRules = (
			);
			dependencies = (
			);
			name = Wetter;
			productName = Wetter;
			productReference = 0ED21BEA2B0B878F002EC3B0 /* Wetter.app */;
			productType = "com.apple.product-type.application";
		};
/* End PBXNativeTarget section */

/* Begin PBXProject section */
		0ED21BE22B0B878F002EC3B0 /* Project object */ = {
			isa = PBXProject;
			attributes = {
				BuildIndependentTargetsInParallel = 1;
				LastSwiftUpdateCheck = 1500;
				LastUpgradeCheck = 1500;
				TargetAttributes = {
					0ED21BE92B0B878F002EC3B0 = {
						CreatedOnToolsVersion = 15.0.1;
					};
				};
			};
			buildConfigurationList = 0ED21BE52B0B878F002EC3B0 /* Build configuration list for PBXProject "Wetter" */;
			compatibilityVersion = "Xcode 14.0";
			developmentRegion = en;
			hasScannedForEncodings = 0;
			knownRegions = (
				en,
				Base,
			);
			mainGroup = 0ED21BE12B0B878F002EC3B0;
			productRefGroup = 0ED21BEB2B0B878F002EC3B0 /* Products */;
			projectDirPath = "";
			projectRoot = "";
			targets = (
				0ED21BE92B0B878F002EC3B0 /* Wetter */,
			);
		};
/* End PBXProject section */

/* Begin PBXResourcesBuildPhase section */
		0ED21BE82B0B878F002EC3B0 /* Resources */ = {
			isa = PBXResourcesBuildPhase;
			buildActionMask = 2147483647;
			files = (
				0E7758E12B0B91610069AF61 /* File in Resources */,
				0ED21BF52B0B8791002EC3B0 /* Preview Assets.xcassets in Resources */,
				0ED21BF22B0B8791002EC3B0 /* Assets.xcassets in Resources */,
			);
			runOnlyForDeploymentPostprocessing = 0;
		};
/* End PBXResourcesBuildPhase section */

/* Begin PBXSourcesBuildPhase section */
		0ED21BE62B0B878F002EC3B0 /* Sources */ = {
			isa = PBXSourcesBuildPhase;
			buildActionMask = 2147483647;
			files = (
				0E7758FA2B0CAAF10069AF61 /* MapView.swift in Sources */,
				0E7759042B0CD68A0069AF61 /* CardViewVohersage.swift in Sources */,
				0E7759072B0CE0050069AF61 /* TagesvohersageList.swift in Sources */,
				0E7758E42B0B92110069AF61 /* TabsView.swift in Sources */,
				0E7758FE2B0CAF260069AF61 /* LocationItem.swift in Sources */,
				0E7759022B0CBAB00069AF61 /* TagesvohersageItem.swift in Sources */,
				0ED21BF02B0B878F002EC3B0 /* ContentView.swift in Sources */,
				0E7758FC2B0CAB1E0069AF61 /* SearchView.swift in Sources */,
				0E7758F82B0CAA4D0069AF61 /* HomeView.swift in Sources */,
				0E7758E62B0B92140069AF61 /* TabItem.swift in Sources */,
				0ED21BEE2B0B878F002EC3B0 /* WetterApp.swift in Sources */,
			);
			runOnlyForDeploymentPostprocessing = 0;
		};
/* End PBXSourcesBuildPhase section */

/* Begin XCBuildConfiguration section */
		0ED21BF62B0B8791002EC3B0 /* Debug */ = {
			isa = XCBuildConfiguration;
			buildSettings = {
				ALWAYS_SEARCH_USER_PATHS = NO;
				ASSETCATALOG_COMPILER_GENERATE_SWIFT_ASSET_SYMBOL_EXTENSIONS = YES;
				CLANG_ANALYZER_NONNULL = YES;
				CLANG_ANALYZER_NUMBER_OBJECT_CONVERSION = YES_AGGRESSIVE;
				CLANG_CXX_LANGUAGE_STANDARD = "gnu++20";
				CLANG_ENABLE_MODULES = YES;
				CLANG_ENABLE_OBJC_ARC = YES;
				CLANG_ENABLE_OBJC_WEAK = YES;
				CLANG_WARN_BLOCK_CAPTURE_AUTORELEASING = YES;
				CLANG_WARN_BOOL_CONVERSION = YES;
				CLANG_WARN_COMMA = YES;
				CLANG_WARN_CONSTANT_CONVERSION = YES;
				CLANG_WARN_DEPRECATED_OBJC_IMPLEMENTATIONS = YES;
				CLANG_WARN_DIRECT_OBJC_ISA_USAGE = YES_ERROR;
				CLANG_WARN_DOCUMENTATION_COMMENTS = YES;
				CLANG_WARN_EMPTY_BODY = YES;
				CLANG_WARN_ENUM_CONVERSION = YES;
				CLANG_WARN_INFINITE_RECURSION = YES;
				CLANG_WARN_INT_CONVERSION = YES;
				CLANG_WARN_NON_LITERAL_NULL_CONVERSION = YES;
				CLANG_WARN_OBJC_IMPLICIT_RETAIN_SELF = YES;
				CLANG_WARN_OBJC_LITERAL_CONVERSION = YES;
				CLANG_WARN_OBJC_ROOT_CLASS = YES_ERROR;
				CLANG_WARN_QUOTED_INCLUDE_IN_FRAMEWORK_HEADER = YES;
				CLANG_WARN_RANGE_LOOP_ANALYSIS = YES;
				CLANG_WARN_STRICT_PROTOTYPES = YES;
				CLANG_WARN_SUSPICIOUS_MOVE = YES;
				CLANG_WARN_UNGUARDED_AVAILABILITY = YES_AGGRESSIVE;
				CLANG_WARN_UNREACHABLE_CODE = YES;
				CLANG_WARN__DUPLICATE_METHOD_MATCH = YES;
				COPY_PHASE_STRIP = NO;
				DEBUG_INFORMATION_FORMAT = dwarf;
				ENABLE_STRICT_OBJC_MSGSEND = YES;
				ENABLE_TESTABILITY = YES;
				ENABLE_USER_SCRIPT_SANDBOXING = YES;
				GCC_C_LANGUAGE_STANDARD = gnu17;
				GCC_DYNAMIC_NO_PIC = NO;
				GCC_NO_COMMON_BLOCKS = YES;
				GCC_OPTIMIZATION_LEVEL = 0;
				GCC_PREPROCESSOR_DEFINITIONS = (
					"DEBUG=1",
					"$(inherited)",
				);
				GCC_WARN_64_TO_32_BIT_CONVERSION = YES;
				GCC_WARN_ABOUT_RETURN_TYPE = YES_ERROR;
				GCC_WARN_UNDECLARED_SELECTOR = YES;
				GCC_WARN_UNINITIALIZED_AUTOS = YES_AGGRESSIVE;
				GCC_WARN_UNUSED_FUNCTION = YES;
				GCC_WARN_UNUSED_VARIABLE = YES;
				IPHONEOS_DEPLOYMENT_TARGET = 17.0;
				LOCALIZATION_PREFERS_STRING_CATALOGS = YES;
				MTL_ENABLE_DEBUG_INFO = INCLUDE_SOURCE;
				MTL_FAST_MATH = YES;
				ONLY_ACTIVE_ARCH = YES;
				SDKROOT = iphoneos;
				SWIFT_ACTIVE_COMPILATION_CONDITIONS = "DEBUG $(inherited)";
				SWIFT_OPTIMIZATION_LEVEL = "-Onone";
			};
			name = Debug;
		};
		0ED21BF72B0B8791002EC3B0 /* Release */ = {
			isa = XCBuildConfiguration;
			buildSettings = {
				ALWAYS_SEARCH_USER_PATHS = NO;
				ASSETCATALOG_COMPILER_GENERATE_SWIFT_ASSET_SYMBOL_EXTENSIONS = YES;
				CLANG_ANALYZER_NONNULL = YES;
				CLANG_ANALYZER_NUMBER_OBJECT_CONVERSION = YES_AGGRESSIVE;
				CLANG_CXX_LANGUAGE_STANDARD = "gnu++20";
				CLANG_ENABLE_MODULES = YES;
				CLANG_ENABLE_OBJC_ARC = YES;
				CLANG_ENABLE_OBJC_WEAK = YES;
				CLANG_WARN_BLOCK_CAPTURE_AUTORELEASING = YES;
				CLANG_WARN_BOOL_CONVERSION = YES;
				CLANG_WARN_COMMA = YES;
				CLANG_WARN_CONSTANT_CONVERSION = YES;
				CLANG_WARN_DEPRECATED_OBJC_IMPLEMENTATIONS = YES;
				CLANG_WARN_DIRECT_OBJC_ISA_USAGE = YES_ERROR;
				CLANG_WARN_DOCUMENTATION_COMMENTS = YES;
				CLANG_WARN_EMPTY_BODY = YES;
				CLANG_WARN_ENUM_CONVERSION = YES;
				CLANG_WARN_INFINITE_RECURSION = YES;
				CLANG_WARN_INT_CONVERSION = YES;
				CLANG_WARN_NON_LITERAL_NULL_CONVERSION = YES;
				CLANG_WARN_OBJC_IMPLICIT_RETAIN_SELF = YES;
				CLANG_WARN_OBJC_LITERAL_CONVERSION = YES;
				CLANG_WARN_OBJC_ROOT_CLASS = YES_ERROR;
				CLANG_WARN_QUOTED_INCLUDE_IN_FRAMEWORK_HEADER = YES;
				CLANG_WARN_RANGE_LOOP_ANALYSIS = YES;
				CLANG_WARN_STRICT_PROTOTYPES = YES;
				CLANG_WARN_SUSPICIOUS_MOVE = YES;
				CLANG_WARN_UNGUARDED_AVAILABILITY = YES_AGGRESSIVE;
				CLANG_WARN_UNREACHABLE_CODE = YES;
				CLANG_WARN__DUPLICATE_METHOD_MATCH = YES;
				COPY_PHASE_STRIP = NO;
				DEBUG_INFORMATION_FORMAT = "dwarf-with-dsym";
				ENABLE_NS_ASSERTIONS = NO;
				ENABLE_STRICT_OBJC_MSGSEND = YES;
				ENABLE_USER_SCRIPT_SANDBOXING = YES;
				GCC_C_LANGUAGE_STANDARD = gnu17;
				GCC_NO_COMMON_BLOCKS = YES;
				GCC_WARN_64_TO_32_BIT_CONVERSION = YES;
				GCC_WARN_ABOUT_RETURN_TYPE = YES_ERROR;
				GCC_WARN_UNDECLARED_SELECTOR = YES;
				GCC_WARN_UNINITIALIZED_AUTOS = YES_AGGRESSIVE;
				GCC_WARN_UNUSED_FUNCTION = YES;
				GCC_WARN_UNUSED_VARIABLE = YES;
				IPHONEOS_DEPLOYMENT_TARGET = 17.0;
				LOCALIZATION_PREFERS_STRING_CATALOGS = YES;
				MTL_ENABLE_DEBUG_INFO = NO;
				MTL_FAST_MATH = YES;
				SDKROOT = iphoneos;
				SWIFT_COMPILATION_MODE = wholemodule;
				VALIDATE_PRODUCT = YES;
			};
			name = Release;
		};
		0ED21BF92B0B8791002EC3B0 /* Debug */ = {
			isa = XCBuildConfiguration;
			buildSettings = {
				ASSETCATALOG_COMPILER_APPICON_NAME = AppIcon;
				ASSETCATALOG_COMPILER_GLOBAL_ACCENT_COLOR_NAME = AccentColor;
				CODE_SIGN_STYLE = Automatic;
				CURRENT_PROJECT_VERSION = 1;
				DEVELOPMENT_ASSET_PATHS = "\"Wetter/Preview Content\"";
				DEVELOPMENT_TEAM = 454E98YD6M;
				ENABLE_PREVIEWS = YES;
				GENERATE_INFOPLIST_FILE = YES;
				INFOPLIST_KEY_UIApplicationSceneManifest_Generation = YES;
				INFOPLIST_KEY_UIApplicationSupportsIndirectInputEvents = YES;
				INFOPLIST_KEY_UILaunchScreen_Generation = YES;
				INFOPLIST_KEY_UISupportedInterfaceOrientations_iPad = "UIInterfaceOrientationPortrait UIInterfaceOrientationPortraitUpsideDown UIInterfaceOrientationLandscapeLeft UIInterfaceOrientationLandscapeRight";
				INFOPLIST_KEY_UISupportedInterfaceOrientations_iPhone = "UIInterfaceOrientationPortrait UIInterfaceOrientationLandscapeLeft UIInterfaceOrientationLandscapeRight";
				IPHONEOS_DEPLOYMENT_TARGET = 17.0;
				LD_RUNPATH_SEARCH_PATHS = (
					"$(inherited)",
					"@executable_path/Frameworks",
				);
				MARKETING_VERSION = 1.0;
				PRODUCT_BUNDLE_IDENTIFIER = com.svenkreussler.Wetter;
				PRODUCT_NAME = "$(TARGET_NAME)";
				SUPPORTED_PLATFORMS = "iphoneos iphonesimulator";
				SUPPORTS_MACCATALYST = NO;
				SUPPORTS_MAC_DESIGNED_FOR_IPHONE_IPAD = NO;
				SWIFT_EMIT_LOC_STRINGS = YES;
				SWIFT_VERSION = 5.0;
				TARGETED_DEVICE_FAMILY = 1;
			};
			name = Debug;
		};
		0ED21BFA2B0B8791002EC3B0 /* Release */ = {
			isa = XCBuildConfiguration;
			buildSettings = {
				ASSETCATALOG_COMPILER_APPICON_NAME = AppIcon;
				ASSETCATALOG_COMPILER_GLOBAL_ACCENT_COLOR_NAME = AccentColor;
				CODE_SIGN_STYLE = Automatic;
				CURRENT_PROJECT_VERSION = 1;
				DEVELOPMENT_ASSET_PATHS = "\"Wetter/Preview Content\"";
				DEVELOPMENT_TEAM = 454E98YD6M;
				ENABLE_PREVIEWS = YES;
				GENERATE_INFOPLIST_FILE = YES;
				INFOPLIST_KEY_UIApplicationSceneManifest_Generation = YES;
				INFOPLIST_KEY_UIApplicationSupportsIndirectInputEvents = YES;
				INFOPLIST_KEY_UILaunchScreen_Generation = YES;
				INFOPLIST_KEY_UISupportedInterfaceOrientations_iPad = "UIInterfaceOrientationPortrait UIInterfaceOrientationPortraitUpsideDown UIInterfaceOrientationLandscapeLeft UIInterfaceOrientationLandscapeRight";
				INFOPLIST_KEY_UISupportedInterfaceOrientations_iPhone = "UIInterfaceOrientationPortrait UIInterfaceOrientationLandscapeLeft UIInterfaceOrientationLandscapeRight";
				IPHONEOS_DEPLOYMENT_TARGET = 17.0;
				LD_RUNPATH_SEARCH_PATHS = (
					"$(inherited)",
					"@executable_path/Frameworks",
				);
				MARKETING_VERSION = 1.0;
				PRODUCT_BUNDLE_IDENTIFIER = com.svenkreussler.Wetter;
				PRODUCT_NAME = "$(TARGET_NAME)";
				SUPPORTED_PLATFORMS = "iphoneos iphonesimulator";
				SUPPORTS_MACCATALYST = NO;
				SUPPORTS_MAC_DESIGNED_FOR_IPHONE_IPAD = NO;
				SWIFT_EMIT_LOC_STRINGS = YES;
				SWIFT_VERSION = 5.0;
				TARGETED_DEVICE_FAMILY = 1;
			};
			name = Release;
		};
/* End XCBuildConfiguration section */

/* Begin XCConfigurationList section */
		0ED21BE52B0B878F002EC3B0 /* Build configuration list for PBXProject "Wetter" */ = {
			isa = XCConfigurationList;
			buildConfigurations = (
				0ED21BF62B0B8791002EC3B0 /* Debug */,
				0ED21BF72B0B8791002EC3B0 /* Release */,
			);
			defaultConfigurationIsVisible = 0;
			defaultConfigurationName = Release;
		};
		0ED21BF82B0B8791002EC3B0 /* Build configuration list for PBXNativeTarget "Wetter" */ = {
			isa = XCConfigurationList;
			buildConfigurations = (
				0ED21BF92B0B8791002EC3B0 /* Debug */,
				0ED21BFA2B0B8791002EC3B0 /* Release */,
			);
			defaultConfigurationIsVisible = 0;
			defaultConfigurationName = Release;
		};
/* End XCConfigurationList section */
	};
	rootObject = 0ED21BE22B0B878F002EC3B0 /* Project object */;
}
